// !$*UTF8*$!
{
	archiveVersion = 1;
	classes = {
	};
	objectVersion = 56;
	objects = {

/* Begin PBXBuildFile section */
		BF772E242CBA2E9D00187EA8 /* AppDelegate.swift in Sources */ = {isa = PBXBuildFile; fileRef = BF772E232CBA2E9D00187EA8 /* AppDelegate.swift */; };
		BF772E262CBA2E9D00187EA8 /* SceneDelegate.swift in Sources */ = {isa = PBXBuildFile; fileRef = BF772E252CBA2E9D00187EA8 /* SceneDelegate.swift */; };
		BF772E282CBA2E9D00187EA8 /* ViewController.swift in Sources */ = {isa = PBXBuildFile; fileRef = BF772E272CBA2E9D00187EA8 /* ViewController.swift */; };
		BF772E2D2CBA2E9F00187EA8 /* Assets.xcassets in Resources */ = {isa = PBXBuildFile; fileRef = BF772E2C2CBA2E9F00187EA8 /* Assets.xcassets */; };
		BF772E302CBA2E9F00187EA8 /* Base in Resources */ = {isa = PBXBuildFile; fileRef = BF772E2F2CBA2E9F00187EA8 /* Base */; };
		BF772E3B2CBA2EA000187EA8 /* ProductsDisplayTests.swift in Sources */ = {isa = PBXBuildFile; fileRef = BF772E3A2CBA2EA000187EA8 /* ProductsDisplayTests.swift */; };
		BF772E452CBA2EA000187EA8 /* ProductsDisplayUITests.swift in Sources */ = {isa = PBXBuildFile; fileRef = BF772E442CBA2EA000187EA8 /* ProductsDisplayUITests.swift */; };
		BF772E472CBA2EA000187EA8 /* ProductsDisplayUITestsLaunchTests.swift in Sources */ = {isa = PBXBuildFile; fileRef = BF772E462CBA2EA000187EA8 /* ProductsDisplayUITestsLaunchTests.swift */; };
/* End PBXBuildFile section */

/* Begin PBXContainerItemProxy section */
		BF772E372CBA2EA000187EA8 /* PBXContainerItemProxy */ = {
			isa = PBXContainerItemProxy;
			containerPortal = BF772E182CBA2E9D00187EA8 /* Project object */;
			proxyType = 1;
			remoteGlobalIDString = BF772E1F2CBA2E9D00187EA8;
			remoteInfo = ProductsDisplay;
		};
		BF772E412CBA2EA000187EA8 /* PBXContainerItemProxy */ = {
			isa = PBXContainerItemProxy;
			containerPortal = BF772E182CBA2E9D00187EA8 /* Project object */;
			proxyType = 1;
			remoteGlobalIDString = BF772E1F2CBA2E9D00187EA8;
			remoteInfo = ProductsDisplay;
		};
/* End PBXContainerItemProxy section */

/* Begin PBXFileReference section */
		BF772E202CBA2E9D00187EA8 /* ProductsDisplay.app */ = {isa = PBXFileReference; explicitFileType = wrapper.application; includeInIndex = 0; path = ProductsDisplay.app; sourceTree = BUILT_PRODUCTS_DIR; };
		BF772E232CBA2E9D00187EA8 /* AppDelegate.swift */ = {isa = PBXFileReference; lastKnownFileType = sourcecode.swift; path = AppDelegate.swift; sourceTree = "<group>"; };
		BF772E252CBA2E9D00187EA8 /* SceneDelegate.swift */ = {isa = PBXFileReference; lastKnownFileType = sourcecode.swift; path = SceneDelegate.swift; sourceTree = "<group>"; };
		BF772E272CBA2E9D00187EA8 /* ViewController.swift */ = {isa = PBXFileReference; lastKnownFileType = sourcecode.swift; path = ViewController.swift; sourceTree = "<group>"; };
		BF772E2C2CBA2E9F00187EA8 /* Assets.xcassets */ = {isa = PBXFileReference; lastKnownFileType = folder.assetcatalog; path = Assets.xcassets; sourceTree = "<group>"; };
		BF772E2F2CBA2E9F00187EA8 /* Base */ = {isa = PBXFileReference; lastKnownFileType = file.storyboard; name = Base; path = Base.lproj/LaunchScreen.storyboard; sourceTree = "<group>"; };
		BF772E312CBA2E9F00187EA8 /* Info.plist */ = {isa = PBXFileReference; lastKnownFileType = text.plist.xml; path = Info.plist; sourceTree = "<group>"; };
		BF772E362CBA2EA000187EA8 /* ProductsDisplayTests.xctest */ = {isa = PBXFileReference; explicitFileType = wrapper.cfbundle; includeInIndex = 0; path = ProductsDisplayTests.xctest; sourceTree = BUILT_PRODUCTS_DIR; };
		BF772E3A2CBA2EA000187EA8 /* ProductsDisplayTests.swift */ = {isa = PBXFileReference; lastKnownFileType = sourcecode.swift; path = ProductsDisplayTests.swift; sourceTree = "<group>"; };
		BF772E402CBA2EA000187EA8 /* ProductsDisplayUITests.xctest */ = {isa = PBXFileReference; explicitFileType = wrapper.cfbundle; includeInIndex = 0; path = ProductsDisplayUITests.xctest; sourceTree = BUILT_PRODUCTS_DIR; };
		BF772E442CBA2EA000187EA8 /* ProductsDisplayUITests.swift */ = {isa = PBXFileReference; lastKnownFileType = sourcecode.swift; path = ProductsDisplayUITests.swift; sourceTree = "<group>"; };
		BF772E462CBA2EA000187EA8 /* ProductsDisplayUITestsLaunchTests.swift */ = {isa = PBXFileReference; lastKnownFileType = sourcecode.swift; path = ProductsDisplayUITestsLaunchTests.swift; sourceTree = "<group>"; };
/* End PBXFileReference section */

/* Begin PBXFrameworksBuildPhase section */
		BF772E1D2CBA2E9D00187EA8 /* Frameworks */ = {
			isa = PBXFrameworksBuildPhase;
			buildActionMask = 2147483647;
			files = (
			);
			runOnlyForDeploymentPostprocessing = 0;
		};
		BF772E332CBA2EA000187EA8 /* Frameworks */ = {
			isa = PBXFrameworksBuildPhase;
			buildActionMask = 2147483647;
			files = (
			);
			runOnlyForDeploymentPostprocessing = 0;
		};
		BF772E3D2CBA2EA000187EA8 /* Frameworks */ = {
			isa = PBXFrameworksBuildPhase;
			buildActionMask = 2147483647;
			files = (
			);
			runOnlyForDeploymentPostprocessing = 0;
		};
/* End PBXFrameworksBuildPhase section */

/* Begin PBXGroup section */
		BF772E172CBA2E9D00187EA8 = {
			isa = PBXGroup;
			children = (
				BF772E222CBA2E9D00187EA8 /* ProductsDisplay */,
				BF772E392CBA2EA000187EA8 /* ProductsDisplayTests */,
				BF772E432CBA2EA000187EA8 /* ProductsDisplayUITests */,
				BF772E212CBA2E9D00187EA8 /* Products */,
			);
			sourceTree = "<group>";
		};
		BF772E212CBA2E9D00187EA8 /* Products */ = {
			isa = PBXGroup;
			children = (
				BF772E202CBA2E9D00187EA8 /* ProductsDisplay.app */,
				BF772E362CBA2EA000187EA8 /* ProductsDisplayTests.xctest */,
				BF772E402CBA2EA000187EA8 /* ProductsDisplayUITests.xctest */,
			);
			name = Products;
			sourceTree = "<group>";
		};
		BF772E222CBA2E9D00187EA8 /* ProductsDisplay */ = {
			isa = PBXGroup;
			children = (
				BF772E232CBA2E9D00187EA8 /* AppDelegate.swift */,
				BF772E252CBA2E9D00187EA8 /* SceneDelegate.swift */,
				BF772E272CBA2E9D00187EA8 /* ViewController.swift */,
				BF772E2C2CBA2E9F00187EA8 /* Assets.xcassets */,
				BF772E2E2CBA2E9F00187EA8 /* LaunchScreen.storyboard */,
				BF772E312CBA2E9F00187EA8 /* Info.plist */,
			);
			path = ProductsDisplay;
			sourceTree = "<group>";
		};
		BF772E392CBA2EA000187EA8 /* ProductsDisplayTests */ = {
			isa = PBXGroup;
			children = (
				BF772E3A2CBA2EA000187EA8 /* ProductsDisplayTests.swift */,
			);
			path = ProductsDisplayTests;
			sourceTree = "<group>";
		};
		BF772E432CBA2EA000187EA8 /* ProductsDisplayUITests */ = {
			isa = PBXGroup;
			children = (
				BF772E442CBA2EA000187EA8 /* ProductsDisplayUITests.swift */,
				BF772E462CBA2EA000187EA8 /* ProductsDisplayUITestsLaunchTests.swift */,
			);
			path = ProductsDisplayUITests;
			sourceTree = "<group>";
		};
/* End PBXGroup section */

/* Begin PBXNativeTarget section */
		BF772E1F2CBA2E9D00187EA8 /* ProductsDisplay */ = {
			isa = PBXNativeTarget;
			buildConfigurationList = BF772E4A2CBA2EA000187EA8 /* Build configuration list for PBXNativeTarget "ProductsDisplay" */;
			buildPhases = (
				BF772E1C2CBA2E9D00187EA8 /* Sources */,
				BF772E1D2CBA2E9D00187EA8 /* Frameworks */,
				BF772E1E2CBA2E9D00187EA8 /* Resources */,
			);
			buildRules = (
			);
			dependencies = (
			);
			name = ProductsDisplay;
			productName = ProductsDisplay;
			productReference = BF772E202CBA2E9D00187EA8 /* ProductsDisplay.app */;
			productType = "com.apple.product-type.application";
		};
		BF772E352CBA2EA000187EA8 /* ProductsDisplayTests */ = {
			isa = PBXNativeTarget;
			buildConfigurationList = BF772E4D2CBA2EA000187EA8 /* Build configuration list for PBXNativeTarget "ProductsDisplayTests" */;
			buildPhases = (
				BF772E322CBA2EA000187EA8 /* Sources */,
				BF772E332CBA2EA000187EA8 /* Frameworks */,
				BF772E342CBA2EA000187EA8 /* Resources */,
			);
			buildRules = (
			);
			dependencies = (
				BF772E382CBA2EA000187EA8 /* PBXTargetDependency */,
			);
			name = ProductsDisplayTests;
			productName = ProductsDisplayTests;
			productReference = BF772E362CBA2EA000187EA8 /* ProductsDisplayTests.xctest */;
			productType = "com.apple.product-type.bundle.unit-test";
		};
		BF772E3F2CBA2EA000187EA8 /* ProductsDisplayUITests */ = {
			isa = PBXNativeTarget;
			buildConfigurationList = BF772E502CBA2EA000187EA8 /* Build configuration list for PBXNativeTarget "ProductsDisplayUITests" */;
			buildPhases = (
				BF772E3C2CBA2EA000187EA8 /* Sources */,
				BF772E3D2CBA2EA000187EA8 /* Frameworks */,
				BF772E3E2CBA2EA000187EA8 /* Resources */,
			);
			buildRules = (
			);
			dependencies = (
				BF772E422CBA2EA000187EA8 /* PBXTargetDependency */,
			);
			name = ProductsDisplayUITests;
			productName = ProductsDisplayUITests;
			productReference = BF772E402CBA2EA000187EA8 /* ProductsDisplayUITests.xctest */;
			productType = "com.apple.product-type.bundle.ui-testing";
		};
/* End PBXNativeTarget section */

/* Begin PBXProject section */
		BF772E182CBA2E9D00187EA8 /* Project object */ = {
			isa = PBXProject;
			attributes = {
				BuildIndependentTargetsInParallel = 1;
				LastSwiftUpdateCheck = 1540;
				LastUpgradeCheck = 1540;
				TargetAttributes = {
					BF772E1F2CBA2E9D00187EA8 = {
						CreatedOnToolsVersion = 15.4;
					};
					BF772E352CBA2EA000187EA8 = {
						CreatedOnToolsVersion = 15.4;
						TestTargetID = BF772E1F2CBA2E9D00187EA8;
					};
					BF772E3F2CBA2EA000187EA8 = {
						CreatedOnToolsVersion = 15.4;
						TestTargetID = BF772E1F2CBA2E9D00187EA8;
					};
				};
			};
			buildConfigurationList = BF772E1B2CBA2E9D00187EA8 /* Build configuration list for PBXProject "ProductsDisplay" */;
			compatibilityVersion = "Xcode 14.0";
			developmentRegion = en;
			hasScannedForEncodings = 0;
			knownRegions = (
				en,
				Base,
			);
			mainGroup = BF772E172CBA2E9D00187EA8;
			productRefGroup = BF772E212CBA2E9D00187EA8 /* Products */;
			projectDirPath = "";
			projectRoot = "";
			targets = (
				BF772E1F2CBA2E9D00187EA8 /* ProductsDisplay */,
				BF772E352CBA2EA000187EA8 /* ProductsDisplayTests */,
				BF772E3F2CBA2EA000187EA8 /* ProductsDisplayUITests */,
			);
		};
/* End PBXProject section */

/* Begin PBXResourcesBuildPhase section */
		BF772E1E2CBA2E9D00187EA8 /* Resources */ = {
			isa = PBXResourcesBuildPhase;
			buildActionMask = 2147483647;
			files = (
				BF772E2D2CBA2E9F00187EA8 /* Assets.xcassets in Resources */,
				BF772E302CBA2E9F00187EA8 /* Base in Resources */,
			);
			runOnlyForDeploymentPostprocessing = 0;
		};
		BF772E342CBA2EA000187EA8 /* Resources */ = {
			isa = PBXResourcesBuildPhase;
			buildActionMask = 2147483647;
			files = (
			);
			runOnlyForDeploymentPostprocessing = 0;
		};
		BF772E3E2CBA2EA000187EA8 /* Resources */ = {
			isa = PBXResourcesBuildPhase;
			buildActionMask = 2147483647;
			files = (
			);
			runOnlyForDeploymentPostprocessing = 0;
		};
/* End PBXResourcesBuildPhase section */

/* Begin PBXSourcesBuildPhase section */
		BF772E1C2CBA2E9D00187EA8 /* Sources */ = {
			isa = PBXSourcesBuildPhase;
			buildActionMask = 2147483647;
			files = (
				BF772E282CBA2E9D00187EA8 /* ViewController.swift in Sources */,
				BF772E242CBA2E9D00187EA8 /* AppDelegate.swift in Sources */,
				BF772E262CBA2E9D00187EA8 /* SceneDelegate.swift in Sources */,
			);
			runOnlyForDeploymentPostprocessing = 0;
		};
		BF772E322CBA2EA000187EA8 /* Sources */ = {
			isa = PBXSourcesBuildPhase;
			buildActionMask = 2147483647;
			files = (
				BF772E3B2CBA2EA000187EA8 /* ProductsDisplayTests.swift in Sources */,
			);
			runOnlyForDeploymentPostprocessing = 0;
		};
		BF772E3C2CBA2EA000187EA8 /* Sources */ = {
			isa = PBXSourcesBuildPhase;
			buildActionMask = 2147483647;
			files = (
				BF772E452CBA2EA000187EA8 /* ProductsDisplayUITests.swift in Sources */,
				BF772E472CBA2EA000187EA8 /* ProductsDisplayUITestsLaunchTests.swift in Sources */,
			);
			runOnlyForDeploymentPostprocessing = 0;
		};
/* End PBXSourcesBuildPhase section */

/* Begin PBXTargetDependency section */
		BF772E382CBA2EA000187EA8 /* PBXTargetDependency */ = {
			isa = PBXTargetDependency;
			target = BF772E1F2CBA2E9D00187EA8 /* ProductsDisplay */;
			targetProxy = BF772E372CBA2EA000187EA8 /* PBXContainerItemProxy */;
		};
		BF772E422CBA2EA000187EA8 /* PBXTargetDependency */ = {
			isa = PBXTargetDependency;
			target = BF772E1F2CBA2E9D00187EA8 /* ProductsDisplay */;
			targetProxy = BF772E412CBA2EA000187EA8 /* PBXContainerItemProxy */;
		};
/* End PBXTargetDependency section */

/* Begin PBXVariantGroup section */
		BF772E2E2CBA2E9F00187EA8 /* LaunchScreen.storyboard */ = {
			isa = PBXVariantGroup;
			children = (
				BF772E2F2CBA2E9F00187EA8 /* Base */,
			);
			name = LaunchScreen.storyboard;
			sourceTree = "<group>";
		};
/* End PBXVariantGroup section */

/* Begin XCBuildConfiguration section */
		BF772E482CBA2EA000187EA8 /* Debug */ = {
			isa = XCBuildConfiguration;
			buildSettings = {
				ALWAYS_SEARCH_USER_PATHS = NO;
				ASSETCATALOG_COMPILER_GENERATE_SWIFT_ASSET_SYMBOL_EXTENSIONS = YES;
				CLANG_ANALYZER_NONNULL = YES;
				CLANG_ANALYZER_NUMBER_OBJECT_CONVERSION = YES_AGGRESSIVE;
				CLANG_CXX_LANGUAGE_STANDARD = "gnu++20";
				CLANG_ENABLE_MODULES = YES;
				CLANG_ENABLE_OBJC_ARC = YES;
				CLANG_ENABLE_OBJC_WEAK = YES;
				CLANG_WARN_BLOCK_CAPTURE_AUTORELEASING = YES;
				CLANG_WARN_BOOL_CONVERSION = YES;
				CLANG_WARN_COMMA = YES;
				CLANG_WARN_CONSTANT_CONVERSION = YES;
				CLANG_WARN_DEPRECATED_OBJC_IMPLEMENTATIONS = YES;
				CLANG_WARN_DIRECT_OBJC_ISA_USAGE = YES_ERROR;
				CLANG_WARN_DOCUMENTATION_COMMENTS = YES;
				CLANG_WARN_EMPTY_BODY = YES;
				CLANG_WARN_ENUM_CONVERSION = YES;
				CLANG_WARN_INFINITE_RECURSION = YES;
				CLANG_WARN_INT_CONVERSION = YES;
				CLANG_WARN_NON_LITERAL_NULL_CONVERSION = YES;
				CLANG_WARN_OBJC_IMPLICIT_RETAIN_SELF = YES;
				CLANG_WARN_OBJC_LITERAL_CONVERSION = YES;
				CLANG_WARN_OBJC_ROOT_CLASS = YES_ERROR;
				CLANG_WARN_QUOTED_INCLUDE_IN_FRAMEWORK_HEADER = YES;
				CLANG_WARN_RANGE_LOOP_ANALYSIS = YES;
				CLANG_WARN_STRICT_PROTOTYPES = YES;
				CLANG_WARN_SUSPICIOUS_MOVE = YES;
				CLANG_WARN_UNGUARDED_AVAILABILITY = YES_AGGRESSIVE;
				CLANG_WARN_UNREACHABLE_CODE = YES;
				CLANG_WARN__DUPLICATE_METHOD_MATCH = YES;
				COPY_PHASE_STRIP = NO;
				DEBUG_INFORMATION_FORMAT = dwarf;
				ENABLE_STRICT_OBJC_MSGSEND = YES;
				ENABLE_TESTABILITY = YES;
				ENABLE_USER_SCRIPT_SANDBOXING = YES;
				GCC_C_LANGUAGE_STANDARD = gnu17;
				GCC_DYNAMIC_NO_PIC = NO;
				GCC_NO_COMMON_BLOCKS = YES;
				GCC_OPTIMIZATION_LEVEL = 0;
				GCC_PREPROCESSOR_DEFINITIONS = (
					"DEBUG=1",
					"$(inherited)",
				);
				GCC_WARN_64_TO_32_BIT_CONVERSION = YES;
				GCC_WARN_ABOUT_RETURN_TYPE = YES_ERROR;
				GCC_WARN_UNDECLARED_SELECTOR = YES;
				GCC_WARN_UNINITIALIZED_AUTOS = YES_AGGRESSIVE;
				GCC_WARN_UNUSED_FUNCTION = YES;
				GCC_WARN_UNUSED_VARIABLE = YES;
				IPHONEOS_DEPLOYMENT_TARGET = 17.5;
				LOCALIZATION_PREFERS_STRING_CATALOGS = YES;
				MTL_ENABLE_DEBUG_INFO = INCLUDE_SOURCE;
				MTL_FAST_MATH = YES;
				ONLY_ACTIVE_ARCH = YES;
				SDKROOT = iphoneos;
				SWIFT_ACTIVE_COMPILATION_CONDITIONS = "DEBUG $(inherited)";
				SWIFT_OPTIMIZATION_LEVEL = "-Onone";
			};
			name = Debug;
		};
		BF772E492CBA2EA000187EA8 /* Release */ = {
			isa = XCBuildConfiguration;
			buildSettings = {
				ALWAYS_SEARCH_USER_PATHS = NO;
				ASSETCATALOG_COMPILER_GENERATE_SWIFT_ASSET_SYMBOL_EXTENSIONS = YES;
				CLANG_ANALYZER_NONNULL = YES;
				CLANG_ANALYZER_NUMBER_OBJECT_CONVERSION = YES_AGGRESSIVE;
				CLANG_CXX_LANGUAGE_STANDARD = "gnu++20";
				CLANG_ENABLE_MODULES = YES;
				CLANG_ENABLE_OBJC_ARC = YES;
				CLANG_ENABLE_OBJC_WEAK = YES;
				CLANG_WARN_BLOCK_CAPTURE_AUTORELEASING = YES;
				CLANG_WARN_BOOL_CONVERSION = YES;
				CLANG_WARN_COMMA = YES;
				CLANG_WARN_CONSTANT_CONVERSION = YES;
				CLANG_WARN_DEPRECATED_OBJC_IMPLEMENTATIONS = YES;
				CLANG_WARN_DIRECT_OBJC_ISA_USAGE = YES_ERROR;
				CLANG_WARN_DOCUMENTATION_COMMENTS = YES;
				CLANG_WARN_EMPTY_BODY = YES;
				CLANG_WARN_ENUM_CONVERSION = YES;
				CLANG_WARN_INFINITE_RECURSION = YES;
				CLANG_WARN_INT_CONVERSION = YES;
				CLANG_WARN_NON_LITERAL_NULL_CONVERSION = YES;
				CLANG_WARN_OBJC_IMPLICIT_RETAIN_SELF = YES;
				CLANG_WARN_OBJC_LITERAL_CONVERSION = YES;
				CLANG_WARN_OBJC_ROOT_CLASS = YES_ERROR;
				CLANG_WARN_QUOTED_INCLUDE_IN_FRAMEWORK_HEADER = YES;
				CLANG_WARN_RANGE_LOOP_ANALYSIS = YES;
				CLANG_WARN_STRICT_PROTOTYPES = YES;
				CLANG_WARN_SUSPICIOUS_MOVE = YES;
				CLANG_WARN_UNGUARDED_AVAILABILITY = YES_AGGRESSIVE;
				CLANG_WARN_UNREACHABLE_CODE = YES;
				CLANG_WARN__DUPLICATE_METHOD_MATCH = YES;
				COPY_PHASE_STRIP = NO;
				DEBUG_INFORMATION_FORMAT = "dwarf-with-dsym";
				ENABLE_NS_ASSERTIONS = NO;
				ENABLE_STRICT_OBJC_MSGSEND = YES;
				ENABLE_USER_SCRIPT_SANDBOXING = YES;
				GCC_C_LANGUAGE_STANDARD = gnu17;
				GCC_NO_COMMON_BLOCKS = YES;
				GCC_WARN_64_TO_32_BIT_CONVERSION = YES;
				GCC_WARN_ABOUT_RETURN_TYPE = YES_ERROR;
				GCC_WARN_UNDECLARED_SELECTOR = YES;
				GCC_WARN_UNINITIALIZED_AUTOS = YES_AGGRESSIVE;
				GCC_WARN_UNUSED_FUNCTION = YES;
				GCC_WARN_UNUSED_VARIABLE = YES;
				IPHONEOS_DEPLOYMENT_TARGET = 17.5;
				LOCALIZATION_PREFERS_STRING_CATALOGS = YES;
				MTL_ENABLE_DEBUG_INFO = NO;
				MTL_FAST_MATH = YES;
				SDKROOT = iphoneos;
				SWIFT_COMPILATION_MODE = wholemodule;
				VALIDATE_PRODUCT = YES;
			};
			name = Release;
		};
		BF772E4B2CBA2EA000187EA8 /* Debug */ = {
			isa = XCBuildConfiguration;
			buildSettings = {
				ASSETCATALOG_COMPILER_APPICON_NAME = AppIcon;
				ASSETCATALOG_COMPILER_GLOBAL_ACCENT_COLOR_NAME = AccentColor;
				CODE_SIGN_STYLE = Automatic;
				CURRENT_PROJECT_VERSION = 1;
				DEVELOPMENT_TEAM = G99VW8TP32;
				GENERATE_INFOPLIST_FILE = YES;
				INFOPLIST_FILE = ProductsDisplay/Info.plist;
				INFOPLIST_KEY_UIApplicationSupportsIndirectInputEvents = YES;
				INFOPLIST_KEY_UILaunchStoryboardName = LaunchScreen;
				INFOPLIST_KEY_UISupportedInterfaceOrientations_iPad = "UIInterfaceOrientationPortrait UIInterfaceOrientationPortraitUpsideDown UIInterfaceOrientationLandscapeLeft UIInterfaceOrientationLandscapeRight";
				INFOPLIST_KEY_UISupportedInterfaceOrientations_iPhone = "UIInterfaceOrientationPortrait UIInterfaceOrientationLandscapeLeft UIInterfaceOrientationLandscapeRight";
				LD_RUNPATH_SEARCH_PATHS = (
					"$(inherited)",
					"@executable_path/Frameworks",
				);
				MARKETING_VERSION = 1.0;
				PRODUCT_BUNDLE_IDENTIFIER = com.9oya.test.ProductsDisplay;
				PRODUCT_NAME = "$(TARGET_NAME)";
				SWIFT_EMIT_LOC_STRINGS = YES;
				SWIFT_VERSION = 5.0;
				TARGETED_DEVICE_FAMILY = "1,2";
			};
			name = Debug;
		};
		BF772E4C2CBA2EA000187EA8 /* Release */ = {
			isa = XCBuildConfiguration;
			buildSettings = {
				ASSETCATALOG_COMPILER_APPICON_NAME = AppIcon;
				ASSETCATALOG_COMPILER_GLOBAL_ACCENT_COLOR_NAME = AccentColor;
				CODE_SIGN_STYLE = Automatic;
				CURRENT_PROJECT_VERSION = 1;
				DEVELOPMENT_TEAM = G99VW8TP32;
				GENERATE_INFOPLIST_FILE = YES;
				INFOPLIST_FILE = ProductsDisplay/Info.plist;
				INFOPLIST_KEY_UIApplicationSupportsIndirectInputEvents = YES;
				INFOPLIST_KEY_UILaunchStoryboardName = LaunchScreen;
				INFOPLIST_KEY_UISupportedInterfaceOrientations_iPad = "UIInterfaceOrientationPortrait UIInterfaceOrientationPortraitUpsideDown UIInterfaceOrientationLandscapeLeft UIInterfaceOrientationLandscapeRight";
				INFOPLIST_KEY_UISupportedInterfaceOrientations_iPhone = "UIInterfaceOrientationPortrait UIInterfaceOrientationLandscapeLeft UIInterfaceOrientationLandscapeRight";
				LD_RUNPATH_SEARCH_PATHS = (
					"$(inherited)",
					"@executable_path/Frameworks",
				);
				MARKETING_VERSION = 1.0;
				PRODUCT_BUNDLE_IDENTIFIER = com.9oya.test.ProductsDisplay;
				PRODUCT_NAME = "$(TARGET_NAME)";
				SWIFT_EMIT_LOC_STRINGS = YES;
				SWIFT_VERSION = 5.0;
				TARGETED_DEVICE_FAMILY = "1,2";
			};
			name = Release;
		};
		BF772E4E2CBA2EA000187EA8 /* Debug */ = {
			isa = XCBuildConfiguration;
			buildSettings = {
				ALWAYS_EMBED_SWIFT_STANDARD_LIBRARIES = YES;
				BUNDLE_LOADER = "$(TEST_HOST)";
				CODE_SIGN_STYLE = Automatic;
				CURRENT_PROJECT_VERSION = 1;
				DEVELOPMENT_TEAM = G99VW8TP32;
				GENERATE_INFOPLIST_FILE = YES;
				IPHONEOS_DEPLOYMENT_TARGET = 17.5;
				MARKETING_VERSION = 1.0;
				PRODUCT_BUNDLE_IDENTIFIER = com.9oya.test.ProductsDisplayTests;
				PRODUCT_NAME = "$(TARGET_NAME)";
				SWIFT_EMIT_LOC_STRINGS = NO;
				SWIFT_VERSION = 5.0;
				TARGETED_DEVICE_FAMILY = "1,2";
				TEST_HOST = "$(BUILT_PRODUCTS_DIR)/ProductsDisplay.app/$(BUNDLE_EXECUTABLE_FOLDER_PATH)/ProductsDisplay";
			};
			name = Debug;
		};
		BF772E4F2CBA2EA000187EA8 /* Release */ = {
			isa = XCBuildConfiguration;
			buildSettings = {
				ALWAYS_EMBED_SWIFT_STANDARD_LIBRARIES = YES;
				BUNDLE_LOADER = "$(TEST_HOST)";
				CODE_SIGN_STYLE = Automatic;
				CURRENT_PROJECT_VERSION = 1;
				DEVELOPMENT_TEAM = G99VW8TP32;
				GENERATE_INFOPLIST_FILE = YES;
				IPHONEOS_DEPLOYMENT_TARGET = 17.5;
				MARKETING_VERSION = 1.0;
				PRODUCT_BUNDLE_IDENTIFIER = com.9oya.test.ProductsDisplayTests;
				PRODUCT_NAME = "$(TARGET_NAME)";
				SWIFT_EMIT_LOC_STRINGS = NO;
				SWIFT_VERSION = 5.0;
				TARGETED_DEVICE_FAMILY = "1,2";
				TEST_HOST = "$(BUILT_PRODUCTS_DIR)/ProductsDisplay.app/$(BUNDLE_EXECUTABLE_FOLDER_PATH)/ProductsDisplay";
			};
			name = Release;
		};
		BF772E512CBA2EA000187EA8 /* Debug */ = {
			isa = XCBuildConfiguration;
			buildSettings = {
				ALWAYS_EMBED_SWIFT_STANDARD_LIBRARIES = YES;
				CODE_SIGN_STYLE = Automatic;
				CURRENT_PROJECT_VERSION = 1;
				DEVELOPMENT_TEAM = G99VW8TP32;
				GENERATE_INFOPLIST_FILE = YES;
				MARKETING_VERSION = 1.0;
				PRODUCT_BUNDLE_IDENTIFIER = com.9oya.test.ProductsDisplayUITests;
				PRODUCT_NAME = "$(TARGET_NAME)";
				SWIFT_EMIT_LOC_STRINGS = NO;
				SWIFT_VERSION = 5.0;
				TARGETED_DEVICE_FAMILY = "1,2";
				TEST_TARGET_NAME = ProductsDisplay;
			};
			name = Debug;
		};
		BF772E522CBA2EA000187EA8 /* Release */ = {
			isa = XCBuildConfiguration;
			buildSettings = {
				ALWAYS_EMBED_SWIFT_STANDARD_LIBRARIES = YES;
				CODE_SIGN_STYLE = Automatic;
				CURRENT_PROJECT_VERSION = 1;
				DEVELOPMENT_TEAM = G99VW8TP32;
				GENERATE_INFOPLIST_FILE = YES;
				MARKETING_VERSION = 1.0;
				PRODUCT_BUNDLE_IDENTIFIER = com.9oya.test.ProductsDisplayUITests;
				PRODUCT_NAME = "$(TARGET_NAME)";
				SWIFT_EMIT_LOC_STRINGS = NO;
				SWIFT_VERSION = 5.0;
				TARGETED_DEVICE_FAMILY = "1,2";
				TEST_TARGET_NAME = ProductsDisplay;
			};
			name = Release;
		};
/* End XCBuildConfiguration section */

/* Begin XCConfigurationList section */
		BF772E1B2CBA2E9D00187EA8 /* Build configuration list for PBXProject "ProductsDisplay" */ = {
			isa = XCConfigurationList;
			buildConfigurations = (
				BF772E482CBA2EA000187EA8 /* Debug */,
				BF772E492CBA2EA000187EA8 /* Release */,
			);
			defaultConfigurationIsVisible = 0;
			defaultConfigurationName = Release;
		};
		BF772E4A2CBA2EA000187EA8 /* Build configuration list for PBXNativeTarget "ProductsDisplay" */ = {
			isa = XCConfigurationList;
			buildConfigurations = (
				BF772E4B2CBA2EA000187EA8 /* Debug */,
				BF772E4C2CBA2EA000187EA8 /* Release */,
			);
			defaultConfigurationIsVisible = 0;
			defaultConfigurationName = Release;
		};
		BF772E4D2CBA2EA000187EA8 /* Build configuration list for PBXNativeTarget "ProductsDisplayTests" */ = {
			isa = XCConfigurationList;
			buildConfigurations = (
				BF772E4E2CBA2EA000187EA8 /* Debug */,
				BF772E4F2CBA2EA000187EA8 /* Release */,
			);
			defaultConfigurationIsVisible = 0;
			defaultConfigurationName = Release;
		};
		BF772E502CBA2EA000187EA8 /* Build configuration list for PBXNativeTarget "ProductsDisplayUITests" */ = {
			isa = XCConfigurationList;
			buildConfigurations = (
				BF772E512CBA2EA000187EA8 /* Debug */,
				BF772E522CBA2EA000187EA8 /* Release */,
			);
			defaultConfigurationIsVisible = 0;
			defaultConfigurationName = Release;
		};
/* End XCConfigurationList section */
	};
	rootObject = BF772E182CBA2E9D00187EA8 /* Project object */;
}
