// !$*UTF8*$!
{
	archiveVersion = 1;
	classes = {
	};
	objectVersion = 56;
	objects = {

/* Begin PBXBuildFile section */
		BF772E242CBA2E9D00187EA8 /* AppDelegate.swift in Sources */ = {isa = PBXBuildFile; fileRef = BF772E232CBA2E9D00187EA8 /* AppDelegate.swift */; };
		BF772E262CBA2E9D00187EA8 /* SceneDelegate.swift in Sources */ = {isa = PBXBuildFile; fileRef = BF772E252CBA2E9D00187EA8 /* SceneDelegate.swift */; };
		BF772E2D2CBA2E9F00187EA8 /* Assets.xcassets in Resources */ = {isa = PBXBuildFile; fileRef = BF772E2C2CBA2E9F00187EA8 /* Assets.xcassets */; };
		BF772E302CBA2E9F00187EA8 /* Base in Resources */ = {isa = PBXBuildFile; fileRef = BF772E2F2CBA2E9F00187EA8 /* Base */; };
		BF772E3B2CBA2EA000187EA8 /* ProductsDisplayTests.swift in Sources */ = {isa = PBXBuildFile; fileRef = BF772E3A2CBA2EA000187EA8 /* ProductsDisplayTests.swift */; };
		BF772E452CBA2EA000187EA8 /* ProductsDisplayUITests.swift in Sources */ = {isa = PBXBuildFile; fileRef = BF772E442CBA2EA000187EA8 /* ProductsDisplayUITests.swift */; };
		BF772E472CBA2EA000187EA8 /* ProductsDisplayUITestsLaunchTests.swift in Sources */ = {isa = PBXBuildFile; fileRef = BF772E462CBA2EA000187EA8 /* ProductsDisplayUITestsLaunchTests.swift */; };
		BF772E612CBA47A400187EA8 /* RxBlocking in Frameworks */ = {isa = PBXBuildFile; productRef = BF772E602CBA47A400187EA8 /* RxBlocking */; };
		BF772E632CBA47A400187EA8 /* RxBlocking-Dynamic in Frameworks */ = {isa = PBXBuildFile; productRef = BF772E622CBA47A400187EA8 /* RxBlocking-Dynamic */; };
		BF772E652CBA47A400187EA8 /* RxCocoa in Frameworks */ = {isa = PBXBuildFile; productRef = BF772E642CBA47A400187EA8 /* RxCocoa */; };
		BF772E692CBA47A400187EA8 /* RxRelay in Frameworks */ = {isa = PBXBuildFile; productRef = BF772E682CBA47A400187EA8 /* RxRelay */; };
		BF772E6C2CBA47B300187EA8 /* ReactorKit in Frameworks */ = {isa = PBXBuildFile; productRef = BF772E6B2CBA47B300187EA8 /* ReactorKit */; };
		BF772E6F2CBA47D400187EA8 /* CombineMoya in Frameworks */ = {isa = PBXBuildFile; productRef = BF772E6E2CBA47D400187EA8 /* CombineMoya */; };
		BF772E712CBA47D400187EA8 /* Moya in Frameworks */ = {isa = PBXBuildFile; productRef = BF772E702CBA47D400187EA8 /* Moya */; };
		BF772E732CBA47D400187EA8 /* ReactiveMoya in Frameworks */ = {isa = PBXBuildFile; productRef = BF772E722CBA47D400187EA8 /* ReactiveMoya */; };
		BF772E752CBA47D400187EA8 /* RxMoya in Frameworks */ = {isa = PBXBuildFile; productRef = BF772E742CBA47D400187EA8 /* RxMoya */; };
		BF772E782CBA47E900187EA8 /* Nuke in Frameworks */ = {isa = PBXBuildFile; productRef = BF772E772CBA47E900187EA8 /* Nuke */; };
		BF772E7A2CBA47E900187EA8 /* NukeExtensions in Frameworks */ = {isa = PBXBuildFile; productRef = BF772E792CBA47E900187EA8 /* NukeExtensions */; };
		BF772E7C2CBA47E900187EA8 /* NukeUI in Frameworks */ = {isa = PBXBuildFile; productRef = BF772E7B2CBA47E900187EA8 /* NukeUI */; };
		BF772E7E2CBA47E900187EA8 /* NukeVideo in Frameworks */ = {isa = PBXBuildFile; productRef = BF772E7D2CBA47E900187EA8 /* NukeVideo */; };
		BF772E812CBA47F700187EA8 /* Then in Frameworks */ = {isa = PBXBuildFile; productRef = BF772E802CBA47F700187EA8 /* Then */; };
		BF772E842CBA480900187EA8 /* Factory in Frameworks */ = {isa = PBXBuildFile; productRef = BF772E832CBA480900187EA8 /* Factory */; };
		BF772E872CBA482000187EA8 /* RxGesture in Frameworks */ = {isa = PBXBuildFile; productRef = BF772E862CBA482000187EA8 /* RxGesture */; };
		BF772E8A2CBA483400187EA8 /* Toast in Frameworks */ = {isa = PBXBuildFile; productRef = BF772E892CBA483400187EA8 /* Toast */; };
		BF772E8D2CBA484600187EA8 /* SnapKit in Frameworks */ = {isa = PBXBuildFile; productRef = BF772E8C2CBA484600187EA8 /* SnapKit */; };
		BF772E912CBA487900187EA8 /* MoyaNetworkManager.swift in Sources */ = {isa = PBXBuildFile; fileRef = BF772E902CBA487900187EA8 /* MoyaNetworkManager.swift */; };
		BF772E932CBA488400187EA8 /* NetworkManager.swift in Sources */ = {isa = PBXBuildFile; fileRef = BF772E922CBA488400187EA8 /* NetworkManager.swift */; };
		BF772E952CBA48A200187EA8 /* Extension+Container+Networking.swift in Sources */ = {isa = PBXBuildFile; fileRef = BF772E942CBA48A200187EA8 /* Extension+Container+Networking.swift */; };
		BF772EAA2CBA4B9400187EA8 /* ProductListUseCaseImpl.swift in Sources */ = {isa = PBXBuildFile; fileRef = BF772EA92CBA4B9400187EA8 /* ProductListUseCaseImpl.swift */; };
		BF772EAC2CBA4B9900187EA8 /* ProductListUseCase.swift in Sources */ = {isa = PBXBuildFile; fileRef = BF772EAB2CBA4B9900187EA8 /* ProductListUseCase.swift */; };
		BF772EAE2CBA4BA200187EA8 /* ProductListRepository.swift in Sources */ = {isa = PBXBuildFile; fileRef = BF772EAD2CBA4BA200187EA8 /* ProductListRepository.swift */; };
		BF772EB02CBA4BAB00187EA8 /* ProductListEntity.swift in Sources */ = {isa = PBXBuildFile; fileRef = BF772EAF2CBA4BAB00187EA8 /* ProductListEntity.swift */; };
		BF772EB22CBA4BB700187EA8 /* Extension+Container+ProductListDomain.swift in Sources */ = {isa = PBXBuildFile; fileRef = BF772EB12CBA4BB700187EA8 /* Extension+Container+ProductListDomain.swift */; };
		BF772EB42CBA4BCC00187EA8 /* ProductListRepositoryImpl.swift in Sources */ = {isa = PBXBuildFile; fileRef = BF772EB32CBA4BCC00187EA8 /* ProductListRepositoryImpl.swift */; };
		BF772EB62CBA4BD500187EA8 /* RemoteProductListDataSourceImpl.swift in Sources */ = {isa = PBXBuildFile; fileRef = BF772EB52CBA4BD500187EA8 /* RemoteProductListDataSourceImpl.swift */; };
		BF772EB82CBA4BE400187EA8 /* ProductListDTO.swift in Sources */ = {isa = PBXBuildFile; fileRef = BF772EB72CBA4BE400187EA8 /* ProductListDTO.swift */; };
		BF772EBA2CBA4BF700187EA8 /* Extension+Container+ProudctListData.swift in Sources */ = {isa = PBXBuildFile; fileRef = BF772EB92CBA4BF700187EA8 /* Extension+Container+ProudctListData.swift */; };
		BF772EBC2CBA4C0F00187EA8 /* RemoteProductListDataSource.swift in Sources */ = {isa = PBXBuildFile; fileRef = BF772EBB2CBA4C0F00187EA8 /* RemoteProductListDataSource.swift */; };
		BF772EC52CBA4DF700187EA8 /* Home.swift in Sources */ = {isa = PBXBuildFile; fileRef = BF772EC42CBA4DF700187EA8 /* Home.swift */; };
		BF772EC82CBA4E0900187EA8 /* Extension+Container+HomePresentation.swift in Sources */ = {isa = PBXBuildFile; fileRef = BF772EC72CBA4E0900187EA8 /* Extension+Container+HomePresentation.swift */; };
		BF772ECA2CBA4E1600187EA8 /* HomeFlowSteps.swift in Sources */ = {isa = PBXBuildFile; fileRef = BF772EC92CBA4E1600187EA8 /* HomeFlowSteps.swift */; };
		BF772ECE2CBA4E4800187EA8 /* HomeFlow.swift in Sources */ = {isa = PBXBuildFile; fileRef = BF772ECD2CBA4E4800187EA8 /* HomeFlow.swift */; };
		BF772ED12CBA4E5600187EA8 /* HomeViewController.swift in Sources */ = {isa = PBXBuildFile; fileRef = BF772ED02CBA4E5600187EA8 /* HomeViewController.swift */; };
		BF772ED32CBA4E6000187EA8 /* HomeReactor.swift in Sources */ = {isa = PBXBuildFile; fileRef = BF772ED22CBA4E6000187EA8 /* HomeReactor.swift */; };
		BF772ED62CBA4E7700187EA8 /* RxFlow in Frameworks */ = {isa = PBXBuildFile; productRef = BF772ED52CBA4E7700187EA8 /* RxFlow */; };
		BF772ED92CBA52AB00187EA8 /* HomeImpl.swift in Sources */ = {isa = PBXBuildFile; fileRef = BF772ED82CBA52AB00187EA8 /* HomeImpl.swift */; };
		BF772EDB2CBA59FA00187EA8 /* LoggerPlugin.swift in Sources */ = {isa = PBXBuildFile; fileRef = BF772EDA2CBA59FA00187EA8 /* LoggerPlugin.swift */; };
		BF772EDD2CBA5A7800187EA8 /* ProductListAPI.swift in Sources */ = {isa = PBXBuildFile; fileRef = BF772EDC2CBA5A7800187EA8 /* ProductListAPI.swift */; };
		BF772EE42CBA61E000187EA8 /* Extension+ViewController+Rx.swift in Sources */ = {isa = PBXBuildFile; fileRef = BF772EE32CBA61E000187EA8 /* Extension+ViewController+Rx.swift */; };
		BF772EE72CBB79E100187EA8 /* BannerCollectionCell.swift in Sources */ = {isa = PBXBuildFile; fileRef = BF772EE62CBB79E100187EA8 /* BannerCollectionCell.swift */; };
		BF772EE92CBB7AE500187EA8 /* FooterCollectionResusableView.swift in Sources */ = {isa = PBXBuildFile; fileRef = BF772EE82CBB7AE500187EA8 /* FooterCollectionResusableView.swift */; };
		BF772EEB2CBB7AEB00187EA8 /* HeaderCollectionResusableView.swift in Sources */ = {isa = PBXBuildFile; fileRef = BF772EEA2CBB7AEB00187EA8 /* HeaderCollectionResusableView.swift */; };
		BF772EEE2CBB801600187EA8 /* SectionModel.swift in Sources */ = {isa = PBXBuildFile; fileRef = BF772EED2CBB801600187EA8 /* SectionModel.swift */; };
		BF772EF12CBB919600187EA8 /* UIHelper.swift in Sources */ = {isa = PBXBuildFile; fileRef = BF772EF02CBB919600187EA8 /* UIHelper.swift */; };
		BF772EF32CBB992000187EA8 /* ViewComponent.swift in Sources */ = {isa = PBXBuildFile; fileRef = BF772EF22CBB992000187EA8 /* ViewComponent.swift */; };
		BF772EF52CBBD96E00187EA8 /* ProductCollectionCell.swift in Sources */ = {isa = PBXBuildFile; fileRef = BF772EF42CBBD96E00187EA8 /* ProductCollectionCell.swift */; };
		BF772EF72CBBD9A200187EA8 /* StyleCollectionCell.swift in Sources */ = {isa = PBXBuildFile; fileRef = BF772EF62CBBD9A200187EA8 /* StyleCollectionCell.swift */; };
		BFAB87D02CC09C680073A9CF /* PageFooterReusableView.swift in Sources */ = {isa = PBXBuildFile; fileRef = BFAB87CF2CC09C680073A9CF /* PageFooterReusableView.swift */; };
		BFD98A262CBF41F800B8D687 /* Extension+UIButton.swift in Sources */ = {isa = PBXBuildFile; fileRef = BFD98A252CBF41F800B8D687 /* Extension+UIButton.swift */; };
		BFD98A282CBF421B00B8D687 /* Extension+UIStackView.swift in Sources */ = {isa = PBXBuildFile; fileRef = BFD98A272CBF421B00B8D687 /* Extension+UIStackView.swift */; };
/* End PBXBuildFile section */

/* Begin PBXContainerItemProxy section */
		BF772E372CBA2EA000187EA8 /* PBXContainerItemProxy */ = {
			isa = PBXContainerItemProxy;
			containerPortal = BF772E182CBA2E9D00187EA8 /* Project object */;
			proxyType = 1;
			remoteGlobalIDString = BF772E1F2CBA2E9D00187EA8;
			remoteInfo = ProductsDisplay;
		};
		BF772E412CBA2EA000187EA8 /* PBXContainerItemProxy */ = {
			isa = PBXContainerItemProxy;
			containerPortal = BF772E182CBA2E9D00187EA8 /* Project object */;
			proxyType = 1;
			remoteGlobalIDString = BF772E1F2CBA2E9D00187EA8;
			remoteInfo = ProductsDisplay;
		};
/* End PBXContainerItemProxy section */

/* Begin PBXFileReference section */
		BF772E202CBA2E9D00187EA8 /* ProductsDisplay.app */ = {isa = PBXFileReference; explicitFileType = wrapper.application; includeInIndex = 0; path = ProductsDisplay.app; sourceTree = BUILT_PRODUCTS_DIR; };
		BF772E232CBA2E9D00187EA8 /* AppDelegate.swift */ = {isa = PBXFileReference; lastKnownFileType = sourcecode.swift; path = AppDelegate.swift; sourceTree = "<group>"; };
		BF772E252CBA2E9D00187EA8 /* SceneDelegate.swift */ = {isa = PBXFileReference; lastKnownFileType = sourcecode.swift; path = SceneDelegate.swift; sourceTree = "<group>"; };
		BF772E2C2CBA2E9F00187EA8 /* Assets.xcassets */ = {isa = PBXFileReference; lastKnownFileType = folder.assetcatalog; path = Assets.xcassets; sourceTree = "<group>"; };
		BF772E2F2CBA2E9F00187EA8 /* Base */ = {isa = PBXFileReference; lastKnownFileType = file.storyboard; name = Base; path = Base.lproj/LaunchScreen.storyboard; sourceTree = "<group>"; };
		BF772E312CBA2E9F00187EA8 /* Info.plist */ = {isa = PBXFileReference; lastKnownFileType = text.plist.xml; path = Info.plist; sourceTree = "<group>"; };
		BF772E362CBA2EA000187EA8 /* ProductsDisplayTests.xctest */ = {isa = PBXFileReference; explicitFileType = wrapper.cfbundle; includeInIndex = 0; path = ProductsDisplayTests.xctest; sourceTree = BUILT_PRODUCTS_DIR; };
		BF772E3A2CBA2EA000187EA8 /* ProductsDisplayTests.swift */ = {isa = PBXFileReference; lastKnownFileType = sourcecode.swift; path = ProductsDisplayTests.swift; sourceTree = "<group>"; };
		BF772E402CBA2EA000187EA8 /* ProductsDisplayUITests.xctest */ = {isa = PBXFileReference; explicitFileType = wrapper.cfbundle; includeInIndex = 0; path = ProductsDisplayUITests.xctest; sourceTree = BUILT_PRODUCTS_DIR; };
		BF772E442CBA2EA000187EA8 /* ProductsDisplayUITests.swift */ = {isa = PBXFileReference; lastKnownFileType = sourcecode.swift; path = ProductsDisplayUITests.swift; sourceTree = "<group>"; };
		BF772E462CBA2EA000187EA8 /* ProductsDisplayUITestsLaunchTests.swift */ = {isa = PBXFileReference; lastKnownFileType = sourcecode.swift; path = ProductsDisplayUITestsLaunchTests.swift; sourceTree = "<group>"; };
		BF772E902CBA487900187EA8 /* MoyaNetworkManager.swift */ = {isa = PBXFileReference; lastKnownFileType = sourcecode.swift; path = MoyaNetworkManager.swift; sourceTree = "<group>"; };
		BF772E922CBA488400187EA8 /* NetworkManager.swift */ = {isa = PBXFileReference; lastKnownFileType = sourcecode.swift; path = NetworkManager.swift; sourceTree = "<group>"; };
		BF772E942CBA48A200187EA8 /* Extension+Container+Networking.swift */ = {isa = PBXFileReference; lastKnownFileType = sourcecode.swift; path = "Extension+Container+Networking.swift"; sourceTree = "<group>"; };
		BF772EA92CBA4B9400187EA8 /* ProductListUseCaseImpl.swift */ = {isa = PBXFileReference; lastKnownFileType = sourcecode.swift; path = ProductListUseCaseImpl.swift; sourceTree = "<group>"; };
		BF772EAB2CBA4B9900187EA8 /* ProductListUseCase.swift */ = {isa = PBXFileReference; lastKnownFileType = sourcecode.swift; path = ProductListUseCase.swift; sourceTree = "<group>"; };
		BF772EAD2CBA4BA200187EA8 /* ProductListRepository.swift */ = {isa = PBXFileReference; lastKnownFileType = sourcecode.swift; path = ProductListRepository.swift; sourceTree = "<group>"; };
		BF772EAF2CBA4BAB00187EA8 /* ProductListEntity.swift */ = {isa = PBXFileReference; lastKnownFileType = sourcecode.swift; path = ProductListEntity.swift; sourceTree = "<group>"; };
		BF772EB12CBA4BB700187EA8 /* Extension+Container+ProductListDomain.swift */ = {isa = PBXFileReference; lastKnownFileType = sourcecode.swift; path = "Extension+Container+ProductListDomain.swift"; sourceTree = "<group>"; };
		BF772EB32CBA4BCC00187EA8 /* ProductListRepositoryImpl.swift */ = {isa = PBXFileReference; lastKnownFileType = sourcecode.swift; path = ProductListRepositoryImpl.swift; sourceTree = "<group>"; };
		BF772EB52CBA4BD500187EA8 /* RemoteProductListDataSourceImpl.swift */ = {isa = PBXFileReference; lastKnownFileType = sourcecode.swift; path = RemoteProductListDataSourceImpl.swift; sourceTree = "<group>"; };
		BF772EB72CBA4BE400187EA8 /* ProductListDTO.swift */ = {isa = PBXFileReference; lastKnownFileType = sourcecode.swift; path = ProductListDTO.swift; sourceTree = "<group>"; };
		BF772EB92CBA4BF700187EA8 /* Extension+Container+ProudctListData.swift */ = {isa = PBXFileReference; lastKnownFileType = sourcecode.swift; path = "Extension+Container+ProudctListData.swift"; sourceTree = "<group>"; };
		BF772EBB2CBA4C0F00187EA8 /* RemoteProductListDataSource.swift */ = {isa = PBXFileReference; lastKnownFileType = sourcecode.swift; path = RemoteProductListDataSource.swift; sourceTree = "<group>"; };
		BF772EC42CBA4DF700187EA8 /* Home.swift */ = {isa = PBXFileReference; lastKnownFileType = sourcecode.swift; path = Home.swift; sourceTree = "<group>"; };
		BF772EC72CBA4E0900187EA8 /* Extension+Container+HomePresentation.swift */ = {isa = PBXFileReference; lastKnownFileType = sourcecode.swift; path = "Extension+Container+HomePresentation.swift"; sourceTree = "<group>"; };
		BF772EC92CBA4E1600187EA8 /* HomeFlowSteps.swift */ = {isa = PBXFileReference; lastKnownFileType = sourcecode.swift; path = HomeFlowSteps.swift; sourceTree = "<group>"; };
		BF772ECD2CBA4E4800187EA8 /* HomeFlow.swift */ = {isa = PBXFileReference; lastKnownFileType = sourcecode.swift; path = HomeFlow.swift; sourceTree = "<group>"; };
		BF772ED02CBA4E5600187EA8 /* HomeViewController.swift */ = {isa = PBXFileReference; lastKnownFileType = sourcecode.swift; path = HomeViewController.swift; sourceTree = "<group>"; };
		BF772ED22CBA4E6000187EA8 /* HomeReactor.swift */ = {isa = PBXFileReference; lastKnownFileType = sourcecode.swift; path = HomeReactor.swift; sourceTree = "<group>"; };
		BF772ED82CBA52AB00187EA8 /* HomeImpl.swift */ = {isa = PBXFileReference; lastKnownFileType = sourcecode.swift; path = HomeImpl.swift; sourceTree = "<group>"; };
		BF772EDA2CBA59FA00187EA8 /* LoggerPlugin.swift */ = {isa = PBXFileReference; lastKnownFileType = sourcecode.swift; path = LoggerPlugin.swift; sourceTree = "<group>"; };
		BF772EDC2CBA5A7800187EA8 /* ProductListAPI.swift */ = {isa = PBXFileReference; lastKnownFileType = sourcecode.swift; path = ProductListAPI.swift; sourceTree = "<group>"; };
		BF772EE32CBA61E000187EA8 /* Extension+ViewController+Rx.swift */ = {isa = PBXFileReference; lastKnownFileType = sourcecode.swift; path = "Extension+ViewController+Rx.swift"; sourceTree = "<group>"; };
		BF772EE62CBB79E100187EA8 /* BannerCollectionCell.swift */ = {isa = PBXFileReference; lastKnownFileType = sourcecode.swift; path = BannerCollectionCell.swift; sourceTree = "<group>"; };
		BF772EE82CBB7AE500187EA8 /* FooterCollectionResusableView.swift */ = {isa = PBXFileReference; lastKnownFileType = sourcecode.swift; path = FooterCollectionResusableView.swift; sourceTree = "<group>"; };
		BF772EEA2CBB7AEB00187EA8 /* HeaderCollectionResusableView.swift */ = {isa = PBXFileReference; lastKnownFileType = sourcecode.swift; path = HeaderCollectionResusableView.swift; sourceTree = "<group>"; };
		BF772EED2CBB801600187EA8 /* SectionModel.swift */ = {isa = PBXFileReference; lastKnownFileType = sourcecode.swift; path = SectionModel.swift; sourceTree = "<group>"; };
		BF772EF02CBB919600187EA8 /* UIHelper.swift */ = {isa = PBXFileReference; lastKnownFileType = sourcecode.swift; path = UIHelper.swift; sourceTree = "<group>"; };
		BF772EF22CBB992000187EA8 /* ViewComponent.swift */ = {isa = PBXFileReference; lastKnownFileType = sourcecode.swift; path = ViewComponent.swift; sourceTree = "<group>"; };
		BF772EF42CBBD96E00187EA8 /* ProductCollectionCell.swift */ = {isa = PBXFileReference; lastKnownFileType = sourcecode.swift; path = ProductCollectionCell.swift; sourceTree = "<group>"; };
		BF772EF62CBBD9A200187EA8 /* StyleCollectionCell.swift */ = {isa = PBXFileReference; lastKnownFileType = sourcecode.swift; path = StyleCollectionCell.swift; sourceTree = "<group>"; };
		BFAB87CF2CC09C680073A9CF /* PageFooterReusableView.swift */ = {isa = PBXFileReference; lastKnownFileType = sourcecode.swift; path = PageFooterReusableView.swift; sourceTree = "<group>"; };
		BFD98A252CBF41F800B8D687 /* Extension+UIButton.swift */ = {isa = PBXFileReference; lastKnownFileType = sourcecode.swift; path = "Extension+UIButton.swift"; sourceTree = "<group>"; };
		BFD98A272CBF421B00B8D687 /* Extension+UIStackView.swift */ = {isa = PBXFileReference; lastKnownFileType = sourcecode.swift; path = "Extension+UIStackView.swift"; sourceTree = "<group>"; };
/* End PBXFileReference section */

/* Begin PBXFrameworksBuildPhase section */
		BF772E1D2CBA2E9D00187EA8 /* Frameworks */ = {
			isa = PBXFrameworksBuildPhase;
			buildActionMask = 2147483647;
			files = (
				BF772E8A2CBA483400187EA8 /* Toast in Frameworks */,
				BF772E782CBA47E900187EA8 /* Nuke in Frameworks */,
				BF772E732CBA47D400187EA8 /* ReactiveMoya in Frameworks */,
				BF772E692CBA47A400187EA8 /* RxRelay in Frameworks */,
				BF772ED62CBA4E7700187EA8 /* RxFlow in Frameworks */,
				BF772E712CBA47D400187EA8 /* Moya in Frameworks */,
				BF772E812CBA47F700187EA8 /* Then in Frameworks */,
				BF772E6C2CBA47B300187EA8 /* ReactorKit in Frameworks */,
				BF772E872CBA482000187EA8 /* RxGesture in Frameworks */,
				BF772E6F2CBA47D400187EA8 /* CombineMoya in Frameworks */,
				BF772E7E2CBA47E900187EA8 /* NukeVideo in Frameworks */,
				BF772E8D2CBA484600187EA8 /* SnapKit in Frameworks */,
				BF772E842CBA480900187EA8 /* Factory in Frameworks */,
				BF772E752CBA47D400187EA8 /* RxMoya in Frameworks */,
				BF772E7C2CBA47E900187EA8 /* NukeUI in Frameworks */,
				BF772E652CBA47A400187EA8 /* RxCocoa in Frameworks */,
				BF772E7A2CBA47E900187EA8 /* NukeExtensions in Frameworks */,
			);
			runOnlyForDeploymentPostprocessing = 0;
		};
		BF772E332CBA2EA000187EA8 /* Frameworks */ = {
			isa = PBXFrameworksBuildPhase;
			buildActionMask = 2147483647;
			files = (
				BF772E612CBA47A400187EA8 /* RxBlocking in Frameworks */,
				BF772E632CBA47A400187EA8 /* RxBlocking-Dynamic in Frameworks */,
			);
			runOnlyForDeploymentPostprocessing = 0;
		};
		BF772E3D2CBA2EA000187EA8 /* Frameworks */ = {
			isa = PBXFrameworksBuildPhase;
			buildActionMask = 2147483647;
			files = (
			);
			runOnlyForDeploymentPostprocessing = 0;
		};
/* End PBXFrameworksBuildPhase section */

/* Begin PBXGroup section */
		BF772E172CBA2E9D00187EA8 = {
			isa = PBXGroup;
			children = (
				BF772E222CBA2E9D00187EA8 /* ProductsDisplay */,
				BF772E392CBA2EA000187EA8 /* ProductsDisplayTests */,
				BF772E432CBA2EA000187EA8 /* ProductsDisplayUITests */,
				BF772E212CBA2E9D00187EA8 /* Products */,
			);
			sourceTree = "<group>";
		};
		BF772E212CBA2E9D00187EA8 /* Products */ = {
			isa = PBXGroup;
			children = (
				BF772E202CBA2E9D00187EA8 /* ProductsDisplay.app */,
				BF772E362CBA2EA000187EA8 /* ProductsDisplayTests.xctest */,
				BF772E402CBA2EA000187EA8 /* ProductsDisplayUITests.xctest */,
			);
			name = Products;
			sourceTree = "<group>";
		};
		BF772E222CBA2E9D00187EA8 /* ProductsDisplay */ = {
			isa = PBXGroup;
			children = (
				BF772EDE2CBA61A200187EA8 /* DesignSystem */,
				BF772E562CBA35F400187EA8 /* Application */,
				BF772E592CBA36B500187EA8 /* Data */,
				BF772E972CBA4AA200187EA8 /* Domain */,
				BF772E5A2CBA36B700187EA8 /* Infrastructure */,
				BF772E572CBA36AC00187EA8 /* Presentation */,
				BF772E532CBA352000187EA8 /* Resources */,
				BF772E552CBA357500187EA8 /* Support */,
			);
			path = ProductsDisplay;
			sourceTree = "<group>";
		};
		BF772E392CBA2EA000187EA8 /* ProductsDisplayTests */ = {
			isa = PBXGroup;
			children = (
				BF772E3A2CBA2EA000187EA8 /* ProductsDisplayTests.swift */,
			);
			path = ProductsDisplayTests;
			sourceTree = "<group>";
		};
		BF772E432CBA2EA000187EA8 /* ProductsDisplayUITests */ = {
			isa = PBXGroup;
			children = (
				BF772E442CBA2EA000187EA8 /* ProductsDisplayUITests.swift */,
				BF772E462CBA2EA000187EA8 /* ProductsDisplayUITestsLaunchTests.swift */,
			);
			path = ProductsDisplayUITests;
			sourceTree = "<group>";
		};
		BF772E532CBA352000187EA8 /* Resources */ = {
			isa = PBXGroup;
			children = (
				BF772E2C2CBA2E9F00187EA8 /* Assets.xcassets */,
				BF772E2E2CBA2E9F00187EA8 /* LaunchScreen.storyboard */,
			);
			path = Resources;
			sourceTree = "<group>";
		};
		BF772E552CBA357500187EA8 /* Support */ = {
			isa = PBXGroup;
			children = (
				BF772E312CBA2E9F00187EA8 /* Info.plist */,
			);
			path = Support;
			sourceTree = "<group>";
		};
		BF772E562CBA35F400187EA8 /* Application */ = {
			isa = PBXGroup;
			children = (
				BF772E232CBA2E9D00187EA8 /* AppDelegate.swift */,
				BF772E252CBA2E9D00187EA8 /* SceneDelegate.swift */,
			);
			path = Application;
			sourceTree = "<group>";
		};
		BF772E572CBA36AC00187EA8 /* Presentation */ = {
			isa = PBXGroup;
			children = (
				BF772EBD2CBA4C3000187EA8 /* Home */,
			);
			path = Presentation;
			sourceTree = "<group>";
		};
		BF772E592CBA36B500187EA8 /* Data */ = {
			isa = PBXGroup;
			children = (
				BF772E962CBA48AB00187EA8 /* ProductList */,
			);
			path = Data;
			sourceTree = "<group>";
		};
		BF772E5A2CBA36B700187EA8 /* Infrastructure */ = {
			isa = PBXGroup;
			children = (
				BF772E5B2CBA475000187EA8 /* Networking */,
			);
			path = Infrastructure;
			sourceTree = "<group>";
		};
		BF772E5B2CBA475000187EA8 /* Networking */ = {
			isa = PBXGroup;
			children = (
				BF772E5C2CBA475E00187EA8 /* Interface */,
				BF772E5D2CBA476200187EA8 /* Source */,
			);
			path = Networking;
			sourceTree = "<group>";
		};
		BF772E5C2CBA475E00187EA8 /* Interface */ = {
			isa = PBXGroup;
			children = (
				BF772E5E2CBA477200187EA8 /* DI */,
				BF772E922CBA488400187EA8 /* NetworkManager.swift */,
			);
			path = Interface;
			sourceTree = "<group>";
		};
		BF772E5D2CBA476200187EA8 /* Source */ = {
			isa = PBXGroup;
			children = (
				BF772E902CBA487900187EA8 /* MoyaNetworkManager.swift */,
				BF772EDA2CBA59FA00187EA8 /* LoggerPlugin.swift */,
			);
			path = Source;
			sourceTree = "<group>";
		};
		BF772E5E2CBA477200187EA8 /* DI */ = {
			isa = PBXGroup;
			children = (
				BF772E942CBA48A200187EA8 /* Extension+Container+Networking.swift */,
			);
			path = DI;
			sourceTree = "<group>";
		};
		BF772E962CBA48AB00187EA8 /* ProductList */ = {
			isa = PBXGroup;
			children = (
				BF772E9B2CBA4AE600187EA8 /* Interface */,
				BF772E9C2CBA4AE900187EA8 /* Source */,
			);
			path = ProductList;
			sourceTree = "<group>";
		};
		BF772E972CBA4AA200187EA8 /* Domain */ = {
			isa = PBXGroup;
			children = (
				BF772E982CBA4ABE00187EA8 /* ProductList */,
			);
			path = Domain;
			sourceTree = "<group>";
		};
		BF772E982CBA4ABE00187EA8 /* ProductList */ = {
			isa = PBXGroup;
			children = (
				BF772E992CBA4AD600187EA8 /* Interface */,
				BF772E9A2CBA4AD900187EA8 /* Source */,
			);
			path = ProductList;
			sourceTree = "<group>";
		};
		BF772E992CBA4AD600187EA8 /* Interface */ = {
			isa = PBXGroup;
			children = (
				BF772E9D2CBA4AF200187EA8 /* DI */,
				BF772E9E2CBA4AF500187EA8 /* Entity */,
				BF772EA02CBA4AFB00187EA8 /* Repository */,
				BF772E9F2CBA4AF800187EA8 /* UseCase */,
			);
			path = Interface;
			sourceTree = "<group>";
		};
		BF772E9A2CBA4AD900187EA8 /* Source */ = {
			isa = PBXGroup;
			children = (
				BF772EA12CBA4B0100187EA8 /* UseCase */,
			);
			path = Source;
			sourceTree = "<group>";
		};
		BF772E9B2CBA4AE600187EA8 /* Interface */ = {
			isa = PBXGroup;
			children = (
				BF772EA82CBA4B4800187EA8 /* DataSource */,
				BF772EA52CBA4B3C00187EA8 /* DI */,
				BF772EA62CBA4B3E00187EA8 /* DTO */,
			);
			path = Interface;
			sourceTree = "<group>";
		};
		BF772E9C2CBA4AE900187EA8 /* Source */ = {
			isa = PBXGroup;
			children = (
				BF772EA32CBA4B1C00187EA8 /* DataSource */,
				BF772EA22CBA4B1800187EA8 /* Repository */,
			);
			path = Source;
			sourceTree = "<group>";
		};
		BF772E9D2CBA4AF200187EA8 /* DI */ = {
			isa = PBXGroup;
			children = (
				BF772EB12CBA4BB700187EA8 /* Extension+Container+ProductListDomain.swift */,
			);
			path = DI;
			sourceTree = "<group>";
		};
		BF772E9E2CBA4AF500187EA8 /* Entity */ = {
			isa = PBXGroup;
			children = (
				BF772EAF2CBA4BAB00187EA8 /* ProductListEntity.swift */,
			);
			path = Entity;
			sourceTree = "<group>";
		};
		BF772E9F2CBA4AF800187EA8 /* UseCase */ = {
			isa = PBXGroup;
			children = (
				BF772EAB2CBA4B9900187EA8 /* ProductListUseCase.swift */,
			);
			path = UseCase;
			sourceTree = "<group>";
		};
		BF772EA02CBA4AFB00187EA8 /* Repository */ = {
			isa = PBXGroup;
			children = (
				BF772EAD2CBA4BA200187EA8 /* ProductListRepository.swift */,
			);
			path = Repository;
			sourceTree = "<group>";
		};
		BF772EA12CBA4B0100187EA8 /* UseCase */ = {
			isa = PBXGroup;
			children = (
				BF772EA92CBA4B9400187EA8 /* ProductListUseCaseImpl.swift */,
			);
			path = UseCase;
			sourceTree = "<group>";
		};
		BF772EA22CBA4B1800187EA8 /* Repository */ = {
			isa = PBXGroup;
			children = (
				BF772EB32CBA4BCC00187EA8 /* ProductListRepositoryImpl.swift */,
			);
			path = Repository;
			sourceTree = "<group>";
		};
		BF772EA32CBA4B1C00187EA8 /* DataSource */ = {
			isa = PBXGroup;
			children = (
				BF772EA42CBA4B2800187EA8 /* Remote */,
			);
			path = DataSource;
			sourceTree = "<group>";
		};
		BF772EA42CBA4B2800187EA8 /* Remote */ = {
			isa = PBXGroup;
			children = (
				BF772EB52CBA4BD500187EA8 /* RemoteProductListDataSourceImpl.swift */,
				BF772EDC2CBA5A7800187EA8 /* ProductListAPI.swift */,
			);
			path = Remote;
			sourceTree = "<group>";
		};
		BF772EA52CBA4B3C00187EA8 /* DI */ = {
			isa = PBXGroup;
			children = (
				BF772EB92CBA4BF700187EA8 /* Extension+Container+ProudctListData.swift */,
			);
			path = DI;
			sourceTree = "<group>";
		};
		BF772EA62CBA4B3E00187EA8 /* DTO */ = {
			isa = PBXGroup;
			children = (
				BF772EB72CBA4BE400187EA8 /* ProductListDTO.swift */,
			);
			path = DTO;
			sourceTree = "<group>";
		};
		BF772EA82CBA4B4800187EA8 /* DataSource */ = {
			isa = PBXGroup;
			children = (
				BF772EBB2CBA4C0F00187EA8 /* RemoteProductListDataSource.swift */,
			);
			path = DataSource;
			sourceTree = "<group>";
		};
		BF772EBD2CBA4C3000187EA8 /* Home */ = {
			isa = PBXGroup;
			children = (
				BF772EBE2CBA4C6A00187EA8 /* Interface */,
				BF772EBF2CBA4C6E00187EA8 /* Source */,
			);
			path = Home;
			sourceTree = "<group>";
		};
		BF772EBE2CBA4C6A00187EA8 /* Interface */ = {
			isa = PBXGroup;
			children = (
				BF772EC62CBA4DFA00187EA8 /* DI */,
				BF772ECC2CBA4E2700187EA8 /* Flow */,
				BF772EC42CBA4DF700187EA8 /* Home.swift */,
			);
			path = Interface;
			sourceTree = "<group>";
		};
		BF772EBF2CBA4C6E00187EA8 /* Source */ = {
			isa = PBXGroup;
			children = (
				BF772ECF2CBA4E4B00187EA8 /* Screen */,
				BF772ECB2CBA4E2200187EA8 /* Flow */,
				BF772ED82CBA52AB00187EA8 /* HomeImpl.swift */,
			);
			path = Source;
			sourceTree = "<group>";
		};
		BF772EC62CBA4DFA00187EA8 /* DI */ = {
			isa = PBXGroup;
			children = (
				BF772EC72CBA4E0900187EA8 /* Extension+Container+HomePresentation.swift */,
			);
			path = DI;
			sourceTree = "<group>";
		};
		BF772ECB2CBA4E2200187EA8 /* Flow */ = {
			isa = PBXGroup;
			children = (
				BF772ECD2CBA4E4800187EA8 /* HomeFlow.swift */,
			);
			path = Flow;
			sourceTree = "<group>";
		};
		BF772ECC2CBA4E2700187EA8 /* Flow */ = {
			isa = PBXGroup;
			children = (
				BF772EC92CBA4E1600187EA8 /* HomeFlowSteps.swift */,
			);
			path = Flow;
			sourceTree = "<group>";
		};
		BF772ECF2CBA4E4B00187EA8 /* Screen */ = {
			isa = PBXGroup;
			children = (
				BF772EEC2CBB800000187EA8 /* SectionModel */,
				BF772EE52CBB79C700187EA8 /* Cells */,
				BF772ED02CBA4E5600187EA8 /* HomeViewController.swift */,
				BF772ED22CBA4E6000187EA8 /* HomeReactor.swift */,
			);
			path = Screen;
			sourceTree = "<group>";
		};
		BF772EDE2CBA61A200187EA8 /* DesignSystem */ = {
			isa = PBXGroup;
			children = (
				BF772EEF2CBB918D00187EA8 /* Utilities */,
				BFD98A242CBF41E900B8D687 /* Extensions */,
				BF772EF22CBB992000187EA8 /* ViewComponent.swift */,
			);
			path = DesignSystem;
			sourceTree = "<group>";
		};
		BF772EE52CBB79C700187EA8 /* Cells */ = {
			isa = PBXGroup;
			children = (
				BF772EE62CBB79E100187EA8 /* BannerCollectionCell.swift */,
				BFAB87CF2CC09C680073A9CF /* PageFooterReusableView.swift */,
				BF772EE82CBB7AE500187EA8 /* FooterCollectionResusableView.swift */,
				BF772EEA2CBB7AEB00187EA8 /* HeaderCollectionResusableView.swift */,
				BF772EF42CBBD96E00187EA8 /* ProductCollectionCell.swift */,
				BF772EF62CBBD9A200187EA8 /* StyleCollectionCell.swift */,
			);
			path = Cells;
			sourceTree = "<group>";
		};
		BF772EEC2CBB800000187EA8 /* SectionModel */ = {
			isa = PBXGroup;
			children = (
				BF772EED2CBB801600187EA8 /* SectionModel.swift */,
			);
			path = SectionModel;
			sourceTree = "<group>";
		};
		BF772EEF2CBB918D00187EA8 /* Utilities */ = {
			isa = PBXGroup;
			children = (
				BF772EF02CBB919600187EA8 /* UIHelper.swift */,
			);
			path = Utilities;
			sourceTree = "<group>";
		};
		BFD98A242CBF41E900B8D687 /* Extensions */ = {
			isa = PBXGroup;
			children = (
				BFD98A252CBF41F800B8D687 /* Extension+UIButton.swift */,
				BFD98A272CBF421B00B8D687 /* Extension+UIStackView.swift */,
				BF772EE32CBA61E000187EA8 /* Extension+ViewController+Rx.swift */,
			);
			path = Extensions;
			sourceTree = "<group>";
		};
/* End PBXGroup section */

/* Begin PBXNativeTarget section */
		BF772E1F2CBA2E9D00187EA8 /* ProductsDisplay */ = {
			isa = PBXNativeTarget;
			buildConfigurationList = BF772E4A2CBA2EA000187EA8 /* Build configuration list for PBXNativeTarget "ProductsDisplay" */;
			buildPhases = (
				BF772E1C2CBA2E9D00187EA8 /* Sources */,
				BF772E1D2CBA2E9D00187EA8 /* Frameworks */,
				BF772E1E2CBA2E9D00187EA8 /* Resources */,
			);
			buildRules = (
			);
			dependencies = (
			);
			name = ProductsDisplay;
			packageProductDependencies = (
				BF772E642CBA47A400187EA8 /* RxCocoa */,
				BF772E682CBA47A400187EA8 /* RxRelay */,
				BF772E6B2CBA47B300187EA8 /* ReactorKit */,
				BF772E6E2CBA47D400187EA8 /* CombineMoya */,
				BF772E702CBA47D400187EA8 /* Moya */,
				BF772E722CBA47D400187EA8 /* ReactiveMoya */,
				BF772E742CBA47D400187EA8 /* RxMoya */,
				BF772E772CBA47E900187EA8 /* Nuke */,
				BF772E792CBA47E900187EA8 /* NukeExtensions */,
				BF772E7B2CBA47E900187EA8 /* NukeUI */,
				BF772E7D2CBA47E900187EA8 /* NukeVideo */,
				BF772E802CBA47F700187EA8 /* Then */,
				BF772E832CBA480900187EA8 /* Factory */,
				BF772E862CBA482000187EA8 /* RxGesture */,
				BF772E892CBA483400187EA8 /* Toast */,
				BF772E8C2CBA484600187EA8 /* SnapKit */,
				BF772ED52CBA4E7700187EA8 /* RxFlow */,
			);
			productName = ProductsDisplay;
			productReference = BF772E202CBA2E9D00187EA8 /* ProductsDisplay.app */;
			productType = "com.apple.product-type.application";
		};
		BF772E352CBA2EA000187EA8 /* ProductsDisplayTests */ = {
			isa = PBXNativeTarget;
			buildConfigurationList = BF772E4D2CBA2EA000187EA8 /* Build configuration list for PBXNativeTarget "ProductsDisplayTests" */;
			buildPhases = (
				BF772E322CBA2EA000187EA8 /* Sources */,
				BF772E332CBA2EA000187EA8 /* Frameworks */,
				BF772E342CBA2EA000187EA8 /* Resources */,
			);
			buildRules = (
			);
			dependencies = (
				BF772E382CBA2EA000187EA8 /* PBXTargetDependency */,
			);
			name = ProductsDisplayTests;
			packageProductDependencies = (
				BF772E602CBA47A400187EA8 /* RxBlocking */,
				BF772E622CBA47A400187EA8 /* RxBlocking-Dynamic */,
			);
			productName = ProductsDisplayTests;
			productReference = BF772E362CBA2EA000187EA8 /* ProductsDisplayTests.xctest */;
			productType = "com.apple.product-type.bundle.unit-test";
		};
		BF772E3F2CBA2EA000187EA8 /* ProductsDisplayUITests */ = {
			isa = PBXNativeTarget;
			buildConfigurationList = BF772E502CBA2EA000187EA8 /* Build configuration list for PBXNativeTarget "ProductsDisplayUITests" */;
			buildPhases = (
				BF772E3C2CBA2EA000187EA8 /* Sources */,
				BF772E3D2CBA2EA000187EA8 /* Frameworks */,
				BF772E3E2CBA2EA000187EA8 /* Resources */,
			);
			buildRules = (
			);
			dependencies = (
				BF772E422CBA2EA000187EA8 /* PBXTargetDependency */,
			);
			name = ProductsDisplayUITests;
			productName = ProductsDisplayUITests;
			productReference = BF772E402CBA2EA000187EA8 /* ProductsDisplayUITests.xctest */;
			productType = "com.apple.product-type.bundle.ui-testing";
		};
/* End PBXNativeTarget section */

/* Begin PBXProject section */
		BF772E182CBA2E9D00187EA8 /* Project object */ = {
			isa = PBXProject;
			attributes = {
				BuildIndependentTargetsInParallel = 1;
				LastSwiftUpdateCheck = 1540;
				LastUpgradeCheck = 1540;
				TargetAttributes = {
					BF772E1F2CBA2E9D00187EA8 = {
						CreatedOnToolsVersion = 15.4;
					};
					BF772E352CBA2EA000187EA8 = {
						CreatedOnToolsVersion = 15.4;
						TestTargetID = BF772E1F2CBA2E9D00187EA8;
					};
					BF772E3F2CBA2EA000187EA8 = {
						CreatedOnToolsVersion = 15.4;
						TestTargetID = BF772E1F2CBA2E9D00187EA8;
					};
				};
			};
			buildConfigurationList = BF772E1B2CBA2E9D00187EA8 /* Build configuration list for PBXProject "ProductsDisplay" */;
			compatibilityVersion = "Xcode 14.0";
			developmentRegion = en;
			hasScannedForEncodings = 0;
			knownRegions = (
				en,
				Base,
			);
			mainGroup = BF772E172CBA2E9D00187EA8;
			packageReferences = (
				BF772E5F2CBA47A400187EA8 /* XCRemoteSwiftPackageReference "RxSwift" */,
				BF772E6A2CBA47B300187EA8 /* XCRemoteSwiftPackageReference "ReactorKit" */,
				BF772E6D2CBA47D400187EA8 /* XCRemoteSwiftPackageReference "Moya" */,
				BF772E762CBA47E900187EA8 /* XCRemoteSwiftPackageReference "Nuke" */,
				BF772E7F2CBA47F700187EA8 /* XCRemoteSwiftPackageReference "Then" */,
				BF772E822CBA480900187EA8 /* XCRemoteSwiftPackageReference "Factory" */,
				BF772E852CBA482000187EA8 /* XCRemoteSwiftPackageReference "RxGesture" */,
				BF772E882CBA483400187EA8 /* XCRemoteSwiftPackageReference "Toast-Swift" */,
				BF772E8B2CBA484600187EA8 /* XCRemoteSwiftPackageReference "SnapKit" */,
				BF772ED42CBA4E7700187EA8 /* XCRemoteSwiftPackageReference "RxFlow" */,
			);
			productRefGroup = BF772E212CBA2E9D00187EA8 /* Products */;
			projectDirPath = "";
			projectRoot = "";
			targets = (
				BF772E1F2CBA2E9D00187EA8 /* ProductsDisplay */,
				BF772E352CBA2EA000187EA8 /* ProductsDisplayTests */,
				BF772E3F2CBA2EA000187EA8 /* ProductsDisplayUITests */,
			);
		};
/* End PBXProject section */

/* Begin PBXResourcesBuildPhase section */
		BF772E1E2CBA2E9D00187EA8 /* Resources */ = {
			isa = PBXResourcesBuildPhase;
			buildActionMask = 2147483647;
			files = (
				BF772E2D2CBA2E9F00187EA8 /* Assets.xcassets in Resources */,
				BF772E302CBA2E9F00187EA8 /* Base in Resources */,
			);
			runOnlyForDeploymentPostprocessing = 0;
		};
		BF772E342CBA2EA000187EA8 /* Resources */ = {
			isa = PBXResourcesBuildPhase;
			buildActionMask = 2147483647;
			files = (
			);
			runOnlyForDeploymentPostprocessing = 0;
		};
		BF772E3E2CBA2EA000187EA8 /* Resources */ = {
			isa = PBXResourcesBuildPhase;
			buildActionMask = 2147483647;
			files = (
			);
			runOnlyForDeploymentPostprocessing = 0;
		};
/* End PBXResourcesBuildPhase section */

/* Begin PBXSourcesBuildPhase section */
		BF772E1C2CBA2E9D00187EA8 /* Sources */ = {
			isa = PBXSourcesBuildPhase;
			buildActionMask = 2147483647;
			files = (
				BF772EBC2CBA4C0F00187EA8 /* RemoteProductListDataSource.swift in Sources */,
				BF772ECE2CBA4E4800187EA8 /* HomeFlow.swift in Sources */,
				BF772EAC2CBA4B9900187EA8 /* ProductListUseCase.swift in Sources */,
				BF772EF52CBBD96E00187EA8 /* ProductCollectionCell.swift in Sources */,
				BF772E242CBA2E9D00187EA8 /* AppDelegate.swift in Sources */,
				BF772ED12CBA4E5600187EA8 /* HomeViewController.swift in Sources */,
				BF772EAE2CBA4BA200187EA8 /* ProductListRepository.swift in Sources */,
				BF772ED92CBA52AB00187EA8 /* HomeImpl.swift in Sources */,
				BF772E932CBA488400187EA8 /* NetworkManager.swift in Sources */,
				BF772EF32CBB992000187EA8 /* ViewComponent.swift in Sources */,
				BF772EC52CBA4DF700187EA8 /* Home.swift in Sources */,
				BF772EB22CBA4BB700187EA8 /* Extension+Container+ProductListDomain.swift in Sources */,
				BF772E912CBA487900187EA8 /* MoyaNetworkManager.swift in Sources */,
				BF772ECA2CBA4E1600187EA8 /* HomeFlowSteps.swift in Sources */,
				BF772EAA2CBA4B9400187EA8 /* ProductListUseCaseImpl.swift in Sources */,
				BFD98A262CBF41F800B8D687 /* Extension+UIButton.swift in Sources */,
				BF772EC82CBA4E0900187EA8 /* Extension+Container+HomePresentation.swift in Sources */,
				BF772E262CBA2E9D00187EA8 /* SceneDelegate.swift in Sources */,
				BF772EB42CBA4BCC00187EA8 /* ProductListRepositoryImpl.swift in Sources */,
				BF772EB02CBA4BAB00187EA8 /* ProductListEntity.swift in Sources */,
				BFAB87D02CC09C680073A9CF /* PageFooterReusableView.swift in Sources */,
				BF772ED32CBA4E6000187EA8 /* HomeReactor.swift in Sources */,
				BF772EDB2CBA59FA00187EA8 /* LoggerPlugin.swift in Sources */,
				BF772EEE2CBB801600187EA8 /* SectionModel.swift in Sources */,
				BFD98A282CBF421B00B8D687 /* Extension+UIStackView.swift in Sources */,
				BF772EB82CBA4BE400187EA8 /* ProductListDTO.swift in Sources */,
				BF772EEB2CBB7AEB00187EA8 /* HeaderCollectionResusableView.swift in Sources */,
				BF772E952CBA48A200187EA8 /* Extension+Container+Networking.swift in Sources */,
				BF772EF12CBB919600187EA8 /* UIHelper.swift in Sources */,
				BF772EE92CBB7AE500187EA8 /* FooterCollectionResusableView.swift in Sources */,
				BF772EE72CBB79E100187EA8 /* BannerCollectionCell.swift in Sources */,
				BF772EB62CBA4BD500187EA8 /* RemoteProductListDataSourceImpl.swift in Sources */,
				BF772EDD2CBA5A7800187EA8 /* ProductListAPI.swift in Sources */,
				BF772EBA2CBA4BF700187EA8 /* Extension+Container+ProudctListData.swift in Sources */,
				BF772EE42CBA61E000187EA8 /* Extension+ViewController+Rx.swift in Sources */,
				BF772EF72CBBD9A200187EA8 /* StyleCollectionCell.swift in Sources */,
			);
			runOnlyForDeploymentPostprocessing = 0;
		};
		BF772E322CBA2EA000187EA8 /* Sources */ = {
			isa = PBXSourcesBuildPhase;
			buildActionMask = 2147483647;
			files = (
				BF772E3B2CBA2EA000187EA8 /* ProductsDisplayTests.swift in Sources */,
			);
			runOnlyForDeploymentPostprocessing = 0;
		};
		BF772E3C2CBA2EA000187EA8 /* Sources */ = {
			isa = PBXSourcesBuildPhase;
			buildActionMask = 2147483647;
			files = (
				BF772E452CBA2EA000187EA8 /* ProductsDisplayUITests.swift in Sources */,
				BF772E472CBA2EA000187EA8 /* ProductsDisplayUITestsLaunchTests.swift in Sources */,
			);
			runOnlyForDeploymentPostprocessing = 0;
		};
/* End PBXSourcesBuildPhase section */

/* Begin PBXTargetDependency section */
		BF772E382CBA2EA000187EA8 /* PBXTargetDependency */ = {
			isa = PBXTargetDependency;
			target = BF772E1F2CBA2E9D00187EA8 /* ProductsDisplay */;
			targetProxy = BF772E372CBA2EA000187EA8 /* PBXContainerItemProxy */;
		};
		BF772E422CBA2EA000187EA8 /* PBXTargetDependency */ = {
			isa = PBXTargetDependency;
			target = BF772E1F2CBA2E9D00187EA8 /* ProductsDisplay */;
			targetProxy = BF772E412CBA2EA000187EA8 /* PBXContainerItemProxy */;
		};
/* End PBXTargetDependency section */

/* Begin PBXVariantGroup section */
		BF772E2E2CBA2E9F00187EA8 /* LaunchScreen.storyboard */ = {
			isa = PBXVariantGroup;
			children = (
				BF772E2F2CBA2E9F00187EA8 /* Base */,
			);
			name = LaunchScreen.storyboard;
			sourceTree = "<group>";
		};
/* End PBXVariantGroup section */

/* Begin XCBuildConfiguration section */
		BF772E482CBA2EA000187EA8 /* Debug */ = {
			isa = XCBuildConfiguration;
			buildSettings = {
				ALWAYS_SEARCH_USER_PATHS = NO;
				ASSETCATALOG_COMPILER_GENERATE_SWIFT_ASSET_SYMBOL_EXTENSIONS = YES;
				CLANG_ANALYZER_NONNULL = YES;
				CLANG_ANALYZER_NUMBER_OBJECT_CONVERSION = YES_AGGRESSIVE;
				CLANG_CXX_LANGUAGE_STANDARD = "gnu++20";
				CLANG_ENABLE_MODULES = YES;
				CLANG_ENABLE_OBJC_ARC = YES;
				CLANG_ENABLE_OBJC_WEAK = YES;
				CLANG_WARN_BLOCK_CAPTURE_AUTORELEASING = YES;
				CLANG_WARN_BOOL_CONVERSION = YES;
				CLANG_WARN_COMMA = YES;
				CLANG_WARN_CONSTANT_CONVERSION = YES;
				CLANG_WARN_DEPRECATED_OBJC_IMPLEMENTATIONS = YES;
				CLANG_WARN_DIRECT_OBJC_ISA_USAGE = YES_ERROR;
				CLANG_WARN_DOCUMENTATION_COMMENTS = YES;
				CLANG_WARN_EMPTY_BODY = YES;
				CLANG_WARN_ENUM_CONVERSION = YES;
				CLANG_WARN_INFINITE_RECURSION = YES;
				CLANG_WARN_INT_CONVERSION = YES;
				CLANG_WARN_NON_LITERAL_NULL_CONVERSION = YES;
				CLANG_WARN_OBJC_IMPLICIT_RETAIN_SELF = YES;
				CLANG_WARN_OBJC_LITERAL_CONVERSION = YES;
				CLANG_WARN_OBJC_ROOT_CLASS = YES_ERROR;
				CLANG_WARN_QUOTED_INCLUDE_IN_FRAMEWORK_HEADER = YES;
				CLANG_WARN_RANGE_LOOP_ANALYSIS = YES;
				CLANG_WARN_STRICT_PROTOTYPES = YES;
				CLANG_WARN_SUSPICIOUS_MOVE = YES;
				CLANG_WARN_UNGUARDED_AVAILABILITY = YES_AGGRESSIVE;
				CLANG_WARN_UNREACHABLE_CODE = YES;
				CLANG_WARN__DUPLICATE_METHOD_MATCH = YES;
				COPY_PHASE_STRIP = NO;
				DEBUG_INFORMATION_FORMAT = dwarf;
				ENABLE_STRICT_OBJC_MSGSEND = YES;
				ENABLE_TESTABILITY = YES;
				ENABLE_USER_SCRIPT_SANDBOXING = YES;
				GCC_C_LANGUAGE_STANDARD = gnu17;
				GCC_DYNAMIC_NO_PIC = NO;
				GCC_NO_COMMON_BLOCKS = YES;
				GCC_OPTIMIZATION_LEVEL = 0;
				GCC_PREPROCESSOR_DEFINITIONS = (
					"DEBUG=1",
					"$(inherited)",
				);
				GCC_WARN_64_TO_32_BIT_CONVERSION = YES;
				GCC_WARN_ABOUT_RETURN_TYPE = YES_ERROR;
				GCC_WARN_UNDECLARED_SELECTOR = YES;
				GCC_WARN_UNINITIALIZED_AUTOS = YES_AGGRESSIVE;
				GCC_WARN_UNUSED_FUNCTION = YES;
				GCC_WARN_UNUSED_VARIABLE = YES;
				IPHONEOS_DEPLOYMENT_TARGET = 17.5;
				LOCALIZATION_PREFERS_STRING_CATALOGS = YES;
				MTL_ENABLE_DEBUG_INFO = INCLUDE_SOURCE;
				MTL_FAST_MATH = YES;
				ONLY_ACTIVE_ARCH = YES;
				SDKROOT = iphoneos;
				SWIFT_ACTIVE_COMPILATION_CONDITIONS = "DEBUG $(inherited)";
				SWIFT_OPTIMIZATION_LEVEL = "-Onone";
			};
			name = Debug;
		};
		BF772E492CBA2EA000187EA8 /* Release */ = {
			isa = XCBuildConfiguration;
			buildSettings = {
				ALWAYS_SEARCH_USER_PATHS = NO;
				ASSETCATALOG_COMPILER_GENERATE_SWIFT_ASSET_SYMBOL_EXTENSIONS = YES;
				CLANG_ANALYZER_NONNULL = YES;
				CLANG_ANALYZER_NUMBER_OBJECT_CONVERSION = YES_AGGRESSIVE;
				CLANG_CXX_LANGUAGE_STANDARD = "gnu++20";
				CLANG_ENABLE_MODULES = YES;
				CLANG_ENABLE_OBJC_ARC = YES;
				CLANG_ENABLE_OBJC_WEAK = YES;
				CLANG_WARN_BLOCK_CAPTURE_AUTORELEASING = YES;
				CLANG_WARN_BOOL_CONVERSION = YES;
				CLANG_WARN_COMMA = YES;
				CLANG_WARN_CONSTANT_CONVERSION = YES;
				CLANG_WARN_DEPRECATED_OBJC_IMPLEMENTATIONS = YES;
				CLANG_WARN_DIRECT_OBJC_ISA_USAGE = YES_ERROR;
				CLANG_WARN_DOCUMENTATION_COMMENTS = YES;
				CLANG_WARN_EMPTY_BODY = YES;
				CLANG_WARN_ENUM_CONVERSION = YES;
				CLANG_WARN_INFINITE_RECURSION = YES;
				CLANG_WARN_INT_CONVERSION = YES;
				CLANG_WARN_NON_LITERAL_NULL_CONVERSION = YES;
				CLANG_WARN_OBJC_IMPLICIT_RETAIN_SELF = YES;
				CLANG_WARN_OBJC_LITERAL_CONVERSION = YES;
				CLANG_WARN_OBJC_ROOT_CLASS = YES_ERROR;
				CLANG_WARN_QUOTED_INCLUDE_IN_FRAMEWORK_HEADER = YES;
				CLANG_WARN_RANGE_LOOP_ANALYSIS = YES;
				CLANG_WARN_STRICT_PROTOTYPES = YES;
				CLANG_WARN_SUSPICIOUS_MOVE = YES;
				CLANG_WARN_UNGUARDED_AVAILABILITY = YES_AGGRESSIVE;
				CLANG_WARN_UNREACHABLE_CODE = YES;
				CLANG_WARN__DUPLICATE_METHOD_MATCH = YES;
				COPY_PHASE_STRIP = NO;
				DEBUG_INFORMATION_FORMAT = "dwarf-with-dsym";
				ENABLE_NS_ASSERTIONS = NO;
				ENABLE_STRICT_OBJC_MSGSEND = YES;
				ENABLE_USER_SCRIPT_SANDBOXING = YES;
				GCC_C_LANGUAGE_STANDARD = gnu17;
				GCC_NO_COMMON_BLOCKS = YES;
				GCC_WARN_64_TO_32_BIT_CONVERSION = YES;
				GCC_WARN_ABOUT_RETURN_TYPE = YES_ERROR;
				GCC_WARN_UNDECLARED_SELECTOR = YES;
				GCC_WARN_UNINITIALIZED_AUTOS = YES_AGGRESSIVE;
				GCC_WARN_UNUSED_FUNCTION = YES;
				GCC_WARN_UNUSED_VARIABLE = YES;
				IPHONEOS_DEPLOYMENT_TARGET = 17.5;
				LOCALIZATION_PREFERS_STRING_CATALOGS = YES;
				MTL_ENABLE_DEBUG_INFO = NO;
				MTL_FAST_MATH = YES;
				SDKROOT = iphoneos;
				SWIFT_COMPILATION_MODE = wholemodule;
				VALIDATE_PRODUCT = YES;
			};
			name = Release;
		};
		BF772E4B2CBA2EA000187EA8 /* Debug */ = {
			isa = XCBuildConfiguration;
			buildSettings = {
				ASSETCATALOG_COMPILER_APPICON_NAME = AppIcon;
				ASSETCATALOG_COMPILER_GLOBAL_ACCENT_COLOR_NAME = AccentColor;
				CODE_SIGN_STYLE = Automatic;
				CURRENT_PROJECT_VERSION = 1;
				DEVELOPMENT_TEAM = G99VW8TP32;
				GENERATE_INFOPLIST_FILE = YES;
				INFOPLIST_FILE = ProductsDisplay/Support/Info.plist;
				INFOPLIST_KEY_UIApplicationSupportsIndirectInputEvents = YES;
				INFOPLIST_KEY_UILaunchStoryboardName = LaunchScreen;
				INFOPLIST_KEY_UISupportedInterfaceOrientations = UIInterfaceOrientationPortrait;
				INFOPLIST_KEY_UIUserInterfaceStyle = Light;
				LD_RUNPATH_SEARCH_PATHS = (
					"$(inherited)",
					"@executable_path/Frameworks",
				);
				MARKETING_VERSION = 1.0;
				PRODUCT_BUNDLE_IDENTIFIER = com.9oya.test.ProductsDisplay;
				PRODUCT_NAME = "$(TARGET_NAME)";
				SWIFT_EMIT_LOC_STRINGS = YES;
				SWIFT_VERSION = 5.0;
				TARGETED_DEVICE_FAMILY = "1,2";
			};
			name = Debug;
		};
		BF772E4C2CBA2EA000187EA8 /* Release */ = {
			isa = XCBuildConfiguration;
			buildSettings = {
				ASSETCATALOG_COMPILER_APPICON_NAME = AppIcon;
				ASSETCATALOG_COMPILER_GLOBAL_ACCENT_COLOR_NAME = AccentColor;
				CODE_SIGN_STYLE = Automatic;
				CURRENT_PROJECT_VERSION = 1;
				DEVELOPMENT_TEAM = G99VW8TP32;
				GENERATE_INFOPLIST_FILE = YES;
				INFOPLIST_FILE = ProductsDisplay/Support/Info.plist;
				INFOPLIST_KEY_UIApplicationSupportsIndirectInputEvents = YES;
				INFOPLIST_KEY_UILaunchStoryboardName = LaunchScreen;
				INFOPLIST_KEY_UISupportedInterfaceOrientations = UIInterfaceOrientationPortrait;
				INFOPLIST_KEY_UIUserInterfaceStyle = Light;
				LD_RUNPATH_SEARCH_PATHS = (
					"$(inherited)",
					"@executable_path/Frameworks",
				);
				MARKETING_VERSION = 1.0;
				PRODUCT_BUNDLE_IDENTIFIER = com.9oya.test.ProductsDisplay;
				PRODUCT_NAME = "$(TARGET_NAME)";
				SWIFT_EMIT_LOC_STRINGS = YES;
				SWIFT_VERSION = 5.0;
				TARGETED_DEVICE_FAMILY = "1,2";
			};
			name = Release;
		};
		BF772E4E2CBA2EA000187EA8 /* Debug */ = {
			isa = XCBuildConfiguration;
			buildSettings = {
				ALWAYS_EMBED_SWIFT_STANDARD_LIBRARIES = YES;
				BUNDLE_LOADER = "$(TEST_HOST)";
				CODE_SIGN_STYLE = Automatic;
				CURRENT_PROJECT_VERSION = 1;
				DEVELOPMENT_TEAM = G99VW8TP32;
				GENERATE_INFOPLIST_FILE = YES;
				IPHONEOS_DEPLOYMENT_TARGET = 17.5;
				MARKETING_VERSION = 1.0;
				PRODUCT_BUNDLE_IDENTIFIER = com.9oya.test.ProductsDisplayTests;
				PRODUCT_NAME = "$(TARGET_NAME)";
				SWIFT_EMIT_LOC_STRINGS = NO;
				SWIFT_VERSION = 5.0;
				TARGETED_DEVICE_FAMILY = "1,2";
				TEST_HOST = "$(BUILT_PRODUCTS_DIR)/ProductsDisplay.app/$(BUNDLE_EXECUTABLE_FOLDER_PATH)/ProductsDisplay";
			};
			name = Debug;
		};
		BF772E4F2CBA2EA000187EA8 /* Release */ = {
			isa = XCBuildConfiguration;
			buildSettings = {
				ALWAYS_EMBED_SWIFT_STANDARD_LIBRARIES = YES;
				BUNDLE_LOADER = "$(TEST_HOST)";
				CODE_SIGN_STYLE = Automatic;
				CURRENT_PROJECT_VERSION = 1;
				DEVELOPMENT_TEAM = G99VW8TP32;
				GENERATE_INFOPLIST_FILE = YES;
				IPHONEOS_DEPLOYMENT_TARGET = 17.5;
				MARKETING_VERSION = 1.0;
				PRODUCT_BUNDLE_IDENTIFIER = com.9oya.test.ProductsDisplayTests;
				PRODUCT_NAME = "$(TARGET_NAME)";
				SWIFT_EMIT_LOC_STRINGS = NO;
				SWIFT_VERSION = 5.0;
				TARGETED_DEVICE_FAMILY = "1,2";
				TEST_HOST = "$(BUILT_PRODUCTS_DIR)/ProductsDisplay.app/$(BUNDLE_EXECUTABLE_FOLDER_PATH)/ProductsDisplay";
			};
			name = Release;
		};
		BF772E512CBA2EA000187EA8 /* Debug */ = {
			isa = XCBuildConfiguration;
			buildSettings = {
				ALWAYS_EMBED_SWIFT_STANDARD_LIBRARIES = YES;
				CODE_SIGN_STYLE = Automatic;
				CURRENT_PROJECT_VERSION = 1;
				DEVELOPMENT_TEAM = G99VW8TP32;
				GENERATE_INFOPLIST_FILE = YES;
				MARKETING_VERSION = 1.0;
				PRODUCT_BUNDLE_IDENTIFIER = com.9oya.test.ProductsDisplayUITests;
				PRODUCT_NAME = "$(TARGET_NAME)";
				SWIFT_EMIT_LOC_STRINGS = NO;
				SWIFT_VERSION = 5.0;
				TARGETED_DEVICE_FAMILY = "1,2";
				TEST_TARGET_NAME = ProductsDisplay;
			};
			name = Debug;
		};
		BF772E522CBA2EA000187EA8 /* Release */ = {
			isa = XCBuildConfiguration;
			buildSettings = {
				ALWAYS_EMBED_SWIFT_STANDARD_LIBRARIES = YES;
				CODE_SIGN_STYLE = Automatic;
				CURRENT_PROJECT_VERSION = 1;
				DEVELOPMENT_TEAM = G99VW8TP32;
				GENERATE_INFOPLIST_FILE = YES;
				MARKETING_VERSION = 1.0;
				PRODUCT_BUNDLE_IDENTIFIER = com.9oya.test.ProductsDisplayUITests;
				PRODUCT_NAME = "$(TARGET_NAME)";
				SWIFT_EMIT_LOC_STRINGS = NO;
				SWIFT_VERSION = 5.0;
				TARGETED_DEVICE_FAMILY = "1,2";
				TEST_TARGET_NAME = ProductsDisplay;
			};
			name = Release;
		};
/* End XCBuildConfiguration section */

/* Begin XCConfigurationList section */
		BF772E1B2CBA2E9D00187EA8 /* Build configuration list for PBXProject "ProductsDisplay" */ = {
			isa = XCConfigurationList;
			buildConfigurations = (
				BF772E482CBA2EA000187EA8 /* Debug */,
				BF772E492CBA2EA000187EA8 /* Release */,
			);
			defaultConfigurationIsVisible = 0;
			defaultConfigurationName = Release;
		};
		BF772E4A2CBA2EA000187EA8 /* Build configuration list for PBXNativeTarget "ProductsDisplay" */ = {
			isa = XCConfigurationList;
			buildConfigurations = (
				BF772E4B2CBA2EA000187EA8 /* Debug */,
				BF772E4C2CBA2EA000187EA8 /* Release */,
			);
			defaultConfigurationIsVisible = 0;
			defaultConfigurationName = Release;
		};
		BF772E4D2CBA2EA000187EA8 /* Build configuration list for PBXNativeTarget "ProductsDisplayTests" */ = {
			isa = XCConfigurationList;
			buildConfigurations = (
				BF772E4E2CBA2EA000187EA8 /* Debug */,
				BF772E4F2CBA2EA000187EA8 /* Release */,
			);
			defaultConfigurationIsVisible = 0;
			defaultConfigurationName = Release;
		};
		BF772E502CBA2EA000187EA8 /* Build configuration list for PBXNativeTarget "ProductsDisplayUITests" */ = {
			isa = XCConfigurationList;
			buildConfigurations = (
				BF772E512CBA2EA000187EA8 /* Debug */,
				BF772E522CBA2EA000187EA8 /* Release */,
			);
			defaultConfigurationIsVisible = 0;
			defaultConfigurationName = Release;
		};
/* End XCConfigurationList section */

/* Begin XCRemoteSwiftPackageReference section */
		BF772E5F2CBA47A400187EA8 /* XCRemoteSwiftPackageReference "RxSwift" */ = {
			isa = XCRemoteSwiftPackageReference;
			repositoryURL = "https://github.com/ReactiveX/RxSwift.git";
			requirement = {
				kind = upToNextMajorVersion;
				minimumVersion = 6.8.0;
			};
		};
		BF772E6A2CBA47B300187EA8 /* XCRemoteSwiftPackageReference "ReactorKit" */ = {
			isa = XCRemoteSwiftPackageReference;
			repositoryURL = "https://github.com/ReactorKit/ReactorKit.git";
			requirement = {
				kind = upToNextMajorVersion;
				minimumVersion = 3.2.0;
			};
		};
		BF772E6D2CBA47D400187EA8 /* XCRemoteSwiftPackageReference "Moya" */ = {
			isa = XCRemoteSwiftPackageReference;
			repositoryURL = "https://github.com/Moya/Moya.git";
			requirement = {
				kind = upToNextMajorVersion;
				minimumVersion = 15.0.3;
			};
		};
		BF772E762CBA47E900187EA8 /* XCRemoteSwiftPackageReference "Nuke" */ = {
			isa = XCRemoteSwiftPackageReference;
			repositoryURL = "https://github.com/kean/Nuke.git";
			requirement = {
				kind = upToNextMajorVersion;
				minimumVersion = 12.8.0;
			};
		};
		BF772E7F2CBA47F700187EA8 /* XCRemoteSwiftPackageReference "Then" */ = {
			isa = XCRemoteSwiftPackageReference;
			repositoryURL = "https://github.com/devxoul/Then.git";
			requirement = {
				kind = upToNextMajorVersion;
				minimumVersion = 3.0.0;
			};
		};
		BF772E822CBA480900187EA8 /* XCRemoteSwiftPackageReference "Factory" */ = {
			isa = XCRemoteSwiftPackageReference;
			repositoryURL = "https://github.com/hmlongco/Factory.git";
			requirement = {
				kind = upToNextMajorVersion;
				minimumVersion = 2.4.0;
			};
		};
		BF772E852CBA482000187EA8 /* XCRemoteSwiftPackageReference "RxGesture" */ = {
			isa = XCRemoteSwiftPackageReference;
			repositoryURL = "https://github.com/RxSwiftCommunity/RxGesture.git";
			requirement = {
				kind = upToNextMajorVersion;
				minimumVersion = 4.0.4;
			};
		};
		BF772E882CBA483400187EA8 /* XCRemoteSwiftPackageReference "Toast-Swift" */ = {
			isa = XCRemoteSwiftPackageReference;
			repositoryURL = "https://github.com/scalessec/Toast-Swift.git";
			requirement = {
				kind = upToNextMajorVersion;
				minimumVersion = 5.1.1;
			};
		};
		BF772E8B2CBA484600187EA8 /* XCRemoteSwiftPackageReference "SnapKit" */ = {
			isa = XCRemoteSwiftPackageReference;
			repositoryURL = "https://github.com/SnapKit/SnapKit.git";
			requirement = {
				kind = upToNextMajorVersion;
				minimumVersion = 5.7.1;
			};
		};
		BF772ED42CBA4E7700187EA8 /* XCRemoteSwiftPackageReference "RxFlow" */ = {
			isa = XCRemoteSwiftPackageReference;
			repositoryURL = "https://github.com/RxSwiftCommunity/RxFlow.git";
			requirement = {
				kind = upToNextMajorVersion;
				minimumVersion = 2.13.0;
			};
		};
/* End XCRemoteSwiftPackageReference section */

/* Begin XCSwiftPackageProductDependency section */
		BF772E602CBA47A400187EA8 /* RxBlocking */ = {
			isa = XCSwiftPackageProductDependency;
			package = BF772E5F2CBA47A400187EA8 /* XCRemoteSwiftPackageReference "RxSwift" */;
			productName = RxBlocking;
		};
		BF772E622CBA47A400187EA8 /* RxBlocking-Dynamic */ = {
			isa = XCSwiftPackageProductDependency;
			package = BF772E5F2CBA47A400187EA8 /* XCRemoteSwiftPackageReference "RxSwift" */;
			productName = "RxBlocking-Dynamic";
		};
		BF772E642CBA47A400187EA8 /* RxCocoa */ = {
			isa = XCSwiftPackageProductDependency;
			package = BF772E5F2CBA47A400187EA8 /* XCRemoteSwiftPackageReference "RxSwift" */;
			productName = RxCocoa;
		};
		BF772E682CBA47A400187EA8 /* RxRelay */ = {
			isa = XCSwiftPackageProductDependency;
			package = BF772E5F2CBA47A400187EA8 /* XCRemoteSwiftPackageReference "RxSwift" */;
			productName = RxRelay;
		};
		BF772E6B2CBA47B300187EA8 /* ReactorKit */ = {
			isa = XCSwiftPackageProductDependency;
			package = BF772E6A2CBA47B300187EA8 /* XCRemoteSwiftPackageReference "ReactorKit" */;
			productName = ReactorKit;
		};
		BF772E6E2CBA47D400187EA8 /* CombineMoya */ = {
			isa = XCSwiftPackageProductDependency;
			package = BF772E6D2CBA47D400187EA8 /* XCRemoteSwiftPackageReference "Moya" */;
			productName = CombineMoya;
		};
		BF772E702CBA47D400187EA8 /* Moya */ = {
			isa = XCSwiftPackageProductDependency;
			package = BF772E6D2CBA47D400187EA8 /* XCRemoteSwiftPackageReference "Moya" */;
			productName = Moya;
		};
		BF772E722CBA47D400187EA8 /* ReactiveMoya */ = {
			isa = XCSwiftPackageProductDependency;
			package = BF772E6D2CBA47D400187EA8 /* XCRemoteSwiftPackageReference "Moya" */;
			productName = ReactiveMoya;
		};
		BF772E742CBA47D400187EA8 /* RxMoya */ = {
			isa = XCSwiftPackageProductDependency;
			package = BF772E6D2CBA47D400187EA8 /* XCRemoteSwiftPackageReference "Moya" */;
			productName = RxMoya;
		};
		BF772E772CBA47E900187EA8 /* Nuke */ = {
			isa = XCSwiftPackageProductDependency;
			package = BF772E762CBA47E900187EA8 /* XCRemoteSwiftPackageReference "Nuke" */;
			productName = Nuke;
		};
		BF772E792CBA47E900187EA8 /* NukeExtensions */ = {
			isa = XCSwiftPackageProductDependency;
			package = BF772E762CBA47E900187EA8 /* XCRemoteSwiftPackageReference "Nuke" */;
			productName = NukeExtensions;
		};
		BF772E7B2CBA47E900187EA8 /* NukeUI */ = {
			isa = XCSwiftPackageProductDependency;
			package = BF772E762CBA47E900187EA8 /* XCRemoteSwiftPackageReference "Nuke" */;
			productName = NukeUI;
		};
		BF772E7D2CBA47E900187EA8 /* NukeVideo */ = {
			isa = XCSwiftPackageProductDependency;
			package = BF772E762CBA47E900187EA8 /* XCRemoteSwiftPackageReference "Nuke" */;
			productName = NukeVideo;
		};
		BF772E802CBA47F700187EA8 /* Then */ = {
			isa = XCSwiftPackageProductDependency;
			package = BF772E7F2CBA47F700187EA8 /* XCRemoteSwiftPackageReference "Then" */;
			productName = Then;
		};
		BF772E832CBA480900187EA8 /* Factory */ = {
			isa = XCSwiftPackageProductDependency;
			package = BF772E822CBA480900187EA8 /* XCRemoteSwiftPackageReference "Factory" */;
			productName = Factory;
		};
		BF772E862CBA482000187EA8 /* RxGesture */ = {
			isa = XCSwiftPackageProductDependency;
			package = BF772E852CBA482000187EA8 /* XCRemoteSwiftPackageReference "RxGesture" */;
			productName = RxGesture;
		};
		BF772E892CBA483400187EA8 /* Toast */ = {
			isa = XCSwiftPackageProductDependency;
			package = BF772E882CBA483400187EA8 /* XCRemoteSwiftPackageReference "Toast-Swift" */;
			productName = Toast;
		};
		BF772E8C2CBA484600187EA8 /* SnapKit */ = {
			isa = XCSwiftPackageProductDependency;
			package = BF772E8B2CBA484600187EA8 /* XCRemoteSwiftPackageReference "SnapKit" */;
			productName = SnapKit;
		};
		BF772ED52CBA4E7700187EA8 /* RxFlow */ = {
			isa = XCSwiftPackageProductDependency;
			package = BF772ED42CBA4E7700187EA8 /* XCRemoteSwiftPackageReference "RxFlow" */;
			productName = RxFlow;
		};
/* End XCSwiftPackageProductDependency section */
	};
	rootObject = BF772E182CBA2E9D00187EA8 /* Project object */;
}
